// !$*UTF8*$!
{
	archiveVersion = 1;
	classes = {
	};
	objectVersion = 46;
	objects = {

/* Begin PBXBuildFile section */
		20301876327F424892049AFA /* libPods.a in Frameworks */ = {isa = PBXBuildFile; fileRef = 6C6818BD3B3146F19D555AC7 /* libPods.a */; };
		5D0BD03D1670AAA30088A383 /* UIKit.framework in Frameworks */ = {isa = PBXBuildFile; fileRef = 5D0BD03C1670AAA30088A383 /* UIKit.framework */; };
		5D0BD03F1670AAA30088A383 /* Foundation.framework in Frameworks */ = {isa = PBXBuildFile; fileRef = 5D0BD03E1670AAA30088A383 /* Foundation.framework */; };
		5D0BD0411670AAA30088A383 /* CoreGraphics.framework in Frameworks */ = {isa = PBXBuildFile; fileRef = 5D0BD0401670AAA30088A383 /* CoreGraphics.framework */; };
		5D0BD0471670AAA30088A383 /* InfoPlist.strings in Resources */ = {isa = PBXBuildFile; fileRef = 5D0BD0451670AAA30088A383 /* InfoPlist.strings */; };
		5D0BD0491670AAA30088A383 /* main.m in Sources */ = {isa = PBXBuildFile; fileRef = 5D0BD0481670AAA30088A383 /* main.m */; };
		5D0BD04D1670AAA30088A383 /* AppDelegate.m in Sources */ = {isa = PBXBuildFile; fileRef = 5D0BD04C1670AAA30088A383 /* AppDelegate.m */; };
		5D0BD067167109990088A383 /* home.png in Resources */ = {isa = PBXBuildFile; fileRef = 5D0BD066167109990088A383 /* home.png */; };
		5D0BD069167109FD0088A383 /* heart.png in Resources */ = {isa = PBXBuildFile; fileRef = 5D0BD068167109FD0088A383 /* heart.png */; };
		5D0BD06C16710B920088A383 /* SendViewController.m in Sources */ = {isa = PBXBuildFile; fileRef = 5D0BD06B16710B920088A383 /* SendViewController.m */; };
		5D0BD06E16710BB70088A383 /* SendViewController.xib in Resources */ = {isa = PBXBuildFile; fileRef = 5D0BD06D16710BB70088A383 /* SendViewController.xib */; };
		5D0BD0741671117C0088A383 /* bookmark.png in Resources */ = {isa = PBXBuildFile; fileRef = 5D0BD0731671117C0088A383 /* bookmark.png */; };
		5D0BD077167117350088A383 /* pencil.png in Resources */ = {isa = PBXBuildFile; fileRef = 5D0BD076167117350088A383 /* pencil.png */; };
		5D0BD07A16711F850088A383 /* WebViewController.m in Sources */ = {isa = PBXBuildFile; fileRef = 5D0BD07916711F850088A383 /* WebViewController.m */; };
		5D0BD07C16711FB30088A383 /* WebViewController.xib in Resources */ = {isa = PBXBuildFile; fileRef = 5D0BD07B16711FB30088A383 /* WebViewController.xib */; };
		5D458D7B17875C1000B71314 /* refresh.png in Resources */ = {isa = PBXBuildFile; fileRef = 5D458D7A17875C1000B71314 /* refresh.png */; };
		5D458D7D178B731500B71314 /* search.png in Resources */ = {isa = PBXBuildFile; fileRef = 5D458D7C178B731500B71314 /* search.png */; };
		5D458D80178B954000B71314 /* RKFullLetter.m in Sources */ = {isa = PBXBuildFile; fileRef = 5D458D7F178B954000B71314 /* RKFullLetter.m */; };
		5D458D8F178C7DC600B71314 /* RKEditLetter.m in Sources */ = {isa = PBXBuildFile; fileRef = 5D458D8E178C7DC600B71314 /* RKEditLetter.m */; };
		5D458D92178C86F800B71314 /* RKEditMessage.m in Sources */ = {isa = PBXBuildFile; fileRef = 5D458D91178C86F800B71314 /* RKEditMessage.m */; };
		5D458D94178E318A00B71314 /* Default-568h@2x.png in Resources */ = {isa = PBXBuildFile; fileRef = 5D458D93178E318A00B71314 /* Default-568h@2x.png */; };
		5D7609AE179CDD660018F27B /* MenuViewController.m in Sources */ = {isa = PBXBuildFile; fileRef = 5D7609AC179CDD660018F27B /* MenuViewController.m */; };
		5D7609B2179DBDF00018F27B /* RODItem.m in Sources */ = {isa = PBXBuildFile; fileRef = 5D7609B1179DBDF00018F27B /* RODItem.m */; };
		5D7609B5179DCE100018F27B /* RODItemStore.m in Sources */ = {isa = PBXBuildFile; fileRef = 5D7609B4179DCE100018F27B /* RODItemStore.m */; };
		5D7609C6179F0C580018F27B /* LoginView.xib in Resources */ = {isa = PBXBuildFile; fileRef = 5D7609C5179F0C580018F27B /* LoginView.xib */; };
		5D7609D617A0588B0018F27B /* ScrollViewItem.m in Sources */ = {isa = PBXBuildFile; fileRef = 5D7609D417A058890018F27B /* ScrollViewItem.m */; };
		5D7609D717A0588B0018F27B /* ScrollViewItem.xib in Resources */ = {isa = PBXBuildFile; fileRef = 5D7609D517A0588A0018F27B /* ScrollViewItem.xib */; };
		5D7F303B1780DCE8009F0AC6 /* RKLetter.m in Sources */ = {isa = PBXBuildFile; fileRef = 5D7F303A1780DCE8009F0AC6 /* RKLetter.m */; };
		5D7F303E17810B3B009F0AC6 /* RKMessage.m in Sources */ = {isa = PBXBuildFile; fileRef = 5D7F303D17810B3B009F0AC6 /* RKMessage.m */; };
		5D7F304017820161009F0AC6 /* envelope.png in Resources */ = {isa = PBXBuildFile; fileRef = 5D7F303F17820161009F0AC6 /* envelope.png */; };
		5D7F30421782019E009F0AC6 /* medical.png in Resources */ = {isa = PBXBuildFile; fileRef = 5D7F30411782019E009F0AC6 /* medical.png */; };
		5D7F304A1784C3E5009F0AC6 /* ios-app-icon-114x114.png in Resources */ = {isa = PBXBuildFile; fileRef = 5D7F30491784C3E5009F0AC6 /* ios-app-icon-114x114.png */; };
		5D7F304C1784C3E9009F0AC6 /* ios-app-icon-57x57.png in Resources */ = {isa = PBXBuildFile; fileRef = 5D7F304B1784C3E9009F0AC6 /* ios-app-icon-57x57.png */; };
		5D7F30541784CA28009F0AC6 /* ios-app-icon-72x72.png in Resources */ = {isa = PBXBuildFile; fileRef = 5D7F30531784CA28009F0AC6 /* ios-app-icon-72x72.png */; };
		5D7F30561784CA3D009F0AC6 /* ios-app-icon-144x144.png in Resources */ = {isa = PBXBuildFile; fileRef = 5D7F30551784CA3D009F0AC6 /* ios-app-icon-144x144.png */; };
		5D7F30581784EFF3009F0AC6 /* Default.png in Resources */ = {isa = PBXBuildFile; fileRef = 5D7F30571784EFF3009F0AC6 /* Default.png */; };
		5D7F305A1784F007009F0AC6 /* Default@2x.png in Resources */ = {isa = PBXBuildFile; fileRef = 5D7F30591784F007009F0AC6 /* Default@2x.png */; };
		5D7F305C1784F9F3009F0AC6 /* Default-Landscape@2x~ipad.png in Resources */ = {isa = PBXBuildFile; fileRef = 5D7F305B1784F9F2009F0AC6 /* Default-Landscape@2x~ipad.png */; };
		5D7F305E1784F9F8009F0AC6 /* Default-Landscape~ipad.png in Resources */ = {isa = PBXBuildFile; fileRef = 5D7F305D1784F9F8009F0AC6 /* Default-Landscape~ipad.png */; };
		5D7F30601784FA01009F0AC6 /* Default-Portrait@2x~ipad.png in Resources */ = {isa = PBXBuildFile; fileRef = 5D7F305F1784FA01009F0AC6 /* Default-Portrait@2x~ipad.png */; };
		5D7F30621784FA07009F0AC6 /* Default-Portrait~ipad.png in Resources */ = {isa = PBXBuildFile; fileRef = 5D7F30611784FA07009F0AC6 /* Default-Portrait~ipad.png */; };
		5DE2531C17ACC2150069EC96 /* comment.png in Resources */ = {isa = PBXBuildFile; fileRef = 5DE2531B17ACC2150069EC96 /* comment.png */; };
		5DE2533317B130790069EC96 /* LetterCommentsViewController.m in Sources */ = {isa = PBXBuildFile; fileRef = 5DE2533117B130790069EC96 /* LetterCommentsViewController.m */; };
		5DE2533417B130790069EC96 /* LetterCommentsViewController.xib in Resources */ = {isa = PBXBuildFile; fileRef = 5DE2533217B130790069EC96 /* LetterCommentsViewController.xib */; };
		5DE2533817B132070069EC96 /* LettersScrollController.xib in Resources */ = {isa = PBXBuildFile; fileRef = 5DE2533517B132070069EC96 /* LettersScrollController.xib */; };
		5DE2533917B132070069EC96 /* LettersScrollController.m in Sources */ = {isa = PBXBuildFile; fileRef = 5DE2533717B132070069EC96 /* LettersScrollController.m */; };
		5DE2533B17B134840069EC96 /* border.png in Resources */ = {isa = PBXBuildFile; fileRef = 5DE2533A17B134840069EC96 /* border.png */; };
		5DE2534117B301050069EC96 /* RKComment.m in Sources */ = {isa = PBXBuildFile; fileRef = 5DE2534017B301050069EC96 /* RKComment.m */; };
		5DE2534517B438D10069EC96 /* CommentScrollViewItem.m in Sources */ = {isa = PBXBuildFile; fileRef = 5DE2534317B438D00069EC96 /* CommentScrollViewItem.m */; };
		5DE2534617B438D10069EC96 /* CommentScrollViewItem.xib in Resources */ = {isa = PBXBuildFile; fileRef = 5DE2534417B438D10069EC96 /* CommentScrollViewItem.xib */; };
/* End PBXBuildFile section */

/* Begin PBXFileReference section */
		5D0BD0381670AAA30088A383 /* crushes.app */ = {isa = PBXFileReference; explicitFileType = wrapper.application; includeInIndex = 0; path = crushes.app; sourceTree = BUILT_PRODUCTS_DIR; };
		5D0BD03C1670AAA30088A383 /* UIKit.framework */ = {isa = PBXFileReference; lastKnownFileType = wrapper.framework; name = UIKit.framework; path = System/Library/Frameworks/UIKit.framework; sourceTree = SDKROOT; };
		5D0BD03E1670AAA30088A383 /* Foundation.framework */ = {isa = PBXFileReference; lastKnownFileType = wrapper.framework; name = Foundation.framework; path = System/Library/Frameworks/Foundation.framework; sourceTree = SDKROOT; };
		5D0BD0401670AAA30088A383 /* CoreGraphics.framework */ = {isa = PBXFileReference; lastKnownFileType = wrapper.framework; name = CoreGraphics.framework; path = System/Library/Frameworks/CoreGraphics.framework; sourceTree = SDKROOT; };
		5D0BD0441670AAA30088A383 /* crushes-Info.plist */ = {isa = PBXFileReference; lastKnownFileType = text.plist.xml; path = "crushes-Info.plist"; sourceTree = "<group>"; };
		5D0BD0461670AAA30088A383 /* en */ = {isa = PBXFileReference; lastKnownFileType = text.plist.strings; name = en; path = en.lproj/InfoPlist.strings; sourceTree = "<group>"; };
		5D0BD0481670AAA30088A383 /* main.m */ = {isa = PBXFileReference; lastKnownFileType = sourcecode.c.objc; path = main.m; sourceTree = "<group>"; };
		5D0BD04A1670AAA30088A383 /* crushes-Prefix.pch */ = {isa = PBXFileReference; lastKnownFileType = sourcecode.c.h; path = "crushes-Prefix.pch"; sourceTree = "<group>"; };
		5D0BD04B1670AAA30088A383 /* AppDelegate.h */ = {isa = PBXFileReference; lastKnownFileType = sourcecode.c.h; path = AppDelegate.h; sourceTree = "<group>"; };
		5D0BD04C1670AAA30088A383 /* AppDelegate.m */ = {isa = PBXFileReference; lastKnownFileType = sourcecode.c.objc; path = AppDelegate.m; sourceTree = "<group>"; };
		5D0BD0591670AADB0088A383 /* crushes.entitlements */ = {isa = PBXFileReference; lastKnownFileType = text.xml; path = crushes.entitlements; sourceTree = "<group>"; };
		5D0BD066167109990088A383 /* home.png */ = {isa = PBXFileReference; lastKnownFileType = image.png; path = home.png; sourceTree = "<group>"; };
		5D0BD068167109FD0088A383 /* heart.png */ = {isa = PBXFileReference; lastKnownFileType = image.png; path = heart.png; sourceTree = "<group>"; };
		5D0BD06A16710B920088A383 /* SendViewController.h */ = {isa = PBXFileReference; fileEncoding = 4; lastKnownFileType = sourcecode.c.h; path = SendViewController.h; sourceTree = "<group>"; };
		5D0BD06B16710B920088A383 /* SendViewController.m */ = {isa = PBXFileReference; fileEncoding = 4; lastKnownFileType = sourcecode.c.objc; path = SendViewController.m; sourceTree = "<group>"; };
		5D0BD06D16710BB70088A383 /* SendViewController.xib */ = {isa = PBXFileReference; fileEncoding = 4; lastKnownFileType = file.xib; path = SendViewController.xib; sourceTree = "<group>"; };
		5D0BD0731671117C0088A383 /* bookmark.png */ = {isa = PBXFileReference; lastKnownFileType = image.png; path = bookmark.png; sourceTree = "<group>"; };
		5D0BD076167117350088A383 /* pencil.png */ = {isa = PBXFileReference; lastKnownFileType = image.png; path = pencil.png; sourceTree = "<group>"; };
		5D0BD07816711F850088A383 /* WebViewController.h */ = {isa = PBXFileReference; fileEncoding = 4; lastKnownFileType = sourcecode.c.h; path = WebViewController.h; sourceTree = "<group>"; };
		5D0BD07916711F850088A383 /* WebViewController.m */ = {isa = PBXFileReference; fileEncoding = 4; lastKnownFileType = sourcecode.c.objc; path = WebViewController.m; sourceTree = "<group>"; };
		5D0BD07B16711FB30088A383 /* WebViewController.xib */ = {isa = PBXFileReference; fileEncoding = 4; lastKnownFileType = file.xib; path = WebViewController.xib; sourceTree = "<group>"; };
		5D458D7A17875C1000B71314 /* refresh.png */ = {isa = PBXFileReference; lastKnownFileType = image.png; path = refresh.png; sourceTree = "<group>"; };
		5D458D7C178B731500B71314 /* search.png */ = {isa = PBXFileReference; lastKnownFileType = image.png; path = search.png; sourceTree = "<group>"; };
		5D458D7E178B954000B71314 /* RKFullLetter.h */ = {isa = PBXFileReference; fileEncoding = 4; lastKnownFileType = sourcecode.c.h; path = RKFullLetter.h; sourceTree = "<group>"; };
		5D458D7F178B954000B71314 /* RKFullLetter.m */ = {isa = PBXFileReference; fileEncoding = 4; lastKnownFileType = sourcecode.c.objc; path = RKFullLetter.m; sourceTree = "<group>"; };
		5D458D8D178C7DC600B71314 /* RKEditLetter.h */ = {isa = PBXFileReference; fileEncoding = 4; lastKnownFileType = sourcecode.c.h; path = RKEditLetter.h; sourceTree = "<group>"; };
		5D458D8E178C7DC600B71314 /* RKEditLetter.m */ = {isa = PBXFileReference; fileEncoding = 4; lastKnownFileType = sourcecode.c.objc; path = RKEditLetter.m; sourceTree = "<group>"; };
		5D458D90178C86F800B71314 /* RKEditMessage.h */ = {isa = PBXFileReference; fileEncoding = 4; lastKnownFileType = sourcecode.c.h; path = RKEditMessage.h; sourceTree = "<group>"; };
		5D458D91178C86F800B71314 /* RKEditMessage.m */ = {isa = PBXFileReference; fileEncoding = 4; lastKnownFileType = sourcecode.c.objc; path = RKEditMessage.m; sourceTree = "<group>"; };
		5D458D93178E318A00B71314 /* Default-568h@2x.png */ = {isa = PBXFileReference; lastKnownFileType = image.png; name = "Default-568h@2x.png"; path = "../Default-568h@2x.png"; sourceTree = "<group>"; };
		5D7609AB179CDD660018F27B /* MenuViewController.h */ = {isa = PBXFileReference; fileEncoding = 4; lastKnownFileType = sourcecode.c.h; path = MenuViewController.h; sourceTree = "<group>"; };
		5D7609AC179CDD660018F27B /* MenuViewController.m */ = {isa = PBXFileReference; fileEncoding = 4; lastKnownFileType = sourcecode.c.objc; path = MenuViewController.m; sourceTree = "<group>"; };
		5D7609B0179DBDF00018F27B /* RODItem.h */ = {isa = PBXFileReference; fileEncoding = 4; lastKnownFileType = sourcecode.c.h; path = RODItem.h; sourceTree = "<group>"; };
		5D7609B1179DBDF00018F27B /* RODItem.m */ = {isa = PBXFileReference; fileEncoding = 4; lastKnownFileType = sourcecode.c.objc; path = RODItem.m; sourceTree = "<group>"; };
		5D7609B3179DCE100018F27B /* RODItemStore.h */ = {isa = PBXFileReference; fileEncoding = 4; lastKnownFileType = sourcecode.c.h; path = RODItemStore.h; sourceTree = "<group>"; };
		5D7609B4179DCE100018F27B /* RODItemStore.m */ = {isa = PBXFileReference; fileEncoding = 4; lastKnownFileType = sourcecode.c.objc; path = RODItemStore.m; sourceTree = "<group>"; };
		5D7609C5179F0C580018F27B /* LoginView.xib */ = {isa = PBXFileReference; fileEncoding = 4; lastKnownFileType = file.xib; path = LoginView.xib; sourceTree = "<group>"; };
		5D7609D317A058890018F27B /* ScrollViewItem.h */ = {isa = PBXFileReference; fileEncoding = 4; lastKnownFileType = sourcecode.c.h; path = ScrollViewItem.h; sourceTree = "<group>"; };
		5D7609D417A058890018F27B /* ScrollViewItem.m */ = {isa = PBXFileReference; fileEncoding = 4; lastKnownFileType = sourcecode.c.objc; path = ScrollViewItem.m; sourceTree = "<group>"; };
		5D7609D517A0588A0018F27B /* ScrollViewItem.xib */ = {isa = PBXFileReference; fileEncoding = 4; lastKnownFileType = file.xib; path = ScrollViewItem.xib; sourceTree = "<group>"; };
		5D7F30391780DCE8009F0AC6 /* RKLetter.h */ = {isa = PBXFileReference; fileEncoding = 4; lastKnownFileType = sourcecode.c.h; path = RKLetter.h; sourceTree = "<group>"; };
		5D7F303A1780DCE8009F0AC6 /* RKLetter.m */ = {isa = PBXFileReference; fileEncoding = 4; lastKnownFileType = sourcecode.c.objc; path = RKLetter.m; sourceTree = "<group>"; };
		5D7F303C17810B3A009F0AC6 /* RKMessage.h */ = {isa = PBXFileReference; fileEncoding = 4; lastKnownFileType = sourcecode.c.h; path = RKMessage.h; sourceTree = "<group>"; };
		5D7F303D17810B3B009F0AC6 /* RKMessage.m */ = {isa = PBXFileReference; fileEncoding = 4; lastKnownFileType = sourcecode.c.objc; path = RKMessage.m; sourceTree = "<group>"; };
		5D7F303F17820161009F0AC6 /* envelope.png */ = {isa = PBXFileReference; lastKnownFileType = image.png; path = envelope.png; sourceTree = "<group>"; };
		5D7F30411782019E009F0AC6 /* medical.png */ = {isa = PBXFileReference; lastKnownFileType = image.png; path = medical.png; sourceTree = "<group>"; };
		5D7F30491784C3E5009F0AC6 /* ios-app-icon-114x114.png */ = {isa = PBXFileReference; lastKnownFileType = image.png; name = "ios-app-icon-114x114.png"; path = "../ios-app-icon-114x114.png"; sourceTree = "<group>"; };
		5D7F304B1784C3E9009F0AC6 /* ios-app-icon-57x57.png */ = {isa = PBXFileReference; lastKnownFileType = image.png; name = "ios-app-icon-57x57.png"; path = "../ios-app-icon-57x57.png"; sourceTree = "<group>"; };
		5D7F30531784CA28009F0AC6 /* ios-app-icon-72x72.png */ = {isa = PBXFileReference; lastKnownFileType = image.png; name = "ios-app-icon-72x72.png"; path = "../ios-app-icon-72x72.png"; sourceTree = "<group>"; };
		5D7F30551784CA3D009F0AC6 /* ios-app-icon-144x144.png */ = {isa = PBXFileReference; lastKnownFileType = image.png; name = "ios-app-icon-144x144.png"; path = "../ios-app-icon-144x144.png"; sourceTree = "<group>"; };
		5D7F30571784EFF3009F0AC6 /* Default.png */ = {isa = PBXFileReference; lastKnownFileType = image.png; name = Default.png; path = ../Default.png; sourceTree = "<group>"; };
		5D7F30591784F007009F0AC6 /* Default@2x.png */ = {isa = PBXFileReference; lastKnownFileType = image.png; name = "Default@2x.png"; path = "../Default@2x.png"; sourceTree = "<group>"; };
		5D7F305B1784F9F2009F0AC6 /* Default-Landscape@2x~ipad.png */ = {isa = PBXFileReference; lastKnownFileType = image.png; name = "Default-Landscape@2x~ipad.png"; path = "../Default-Landscape@2x~ipad.png"; sourceTree = "<group>"; };
		5D7F305D1784F9F8009F0AC6 /* Default-Landscape~ipad.png */ = {isa = PBXFileReference; lastKnownFileType = image.png; name = "Default-Landscape~ipad.png"; path = "../Default-Landscape~ipad.png"; sourceTree = "<group>"; };
		5D7F305F1784FA01009F0AC6 /* Default-Portrait@2x~ipad.png */ = {isa = PBXFileReference; lastKnownFileType = image.png; name = "Default-Portrait@2x~ipad.png"; path = "../Default-Portrait@2x~ipad.png"; sourceTree = "<group>"; };
		5D7F30611784FA07009F0AC6 /* Default-Portrait~ipad.png */ = {isa = PBXFileReference; lastKnownFileType = image.png; name = "Default-Portrait~ipad.png"; path = "../Default-Portrait~ipad.png"; sourceTree = "<group>"; };
		5DE2531B17ACC2150069EC96 /* comment.png */ = {isa = PBXFileReference; lastKnownFileType = image.png; path = comment.png; sourceTree = "<group>"; };
		5DE2533017B130790069EC96 /* LetterCommentsViewController.h */ = {isa = PBXFileReference; fileEncoding = 4; lastKnownFileType = sourcecode.c.h; path = LetterCommentsViewController.h; sourceTree = "<group>"; };
		5DE2533117B130790069EC96 /* LetterCommentsViewController.m */ = {isa = PBXFileReference; fileEncoding = 4; lastKnownFileType = sourcecode.c.objc; path = LetterCommentsViewController.m; sourceTree = "<group>"; };
		5DE2533217B130790069EC96 /* LetterCommentsViewController.xib */ = {isa = PBXFileReference; fileEncoding = 4; lastKnownFileType = file.xib; path = LetterCommentsViewController.xib; sourceTree = "<group>"; };
		5DE2533517B132070069EC96 /* LettersScrollController.xib */ = {isa = PBXFileReference; fileEncoding = 4; lastKnownFileType = file.xib; path = LettersScrollController.xib; sourceTree = "<group>"; };
		5DE2533617B132070069EC96 /* LettersScrollController.h */ = {isa = PBXFileReference; fileEncoding = 4; lastKnownFileType = sourcecode.c.h; path = LettersScrollController.h; sourceTree = "<group>"; };
		5DE2533717B132070069EC96 /* LettersScrollController.m */ = {isa = PBXFileReference; fileEncoding = 4; lastKnownFileType = sourcecode.c.objc; path = LettersScrollController.m; sourceTree = "<group>"; };
		5DE2533A17B134840069EC96 /* border.png */ = {isa = PBXFileReference; lastKnownFileType = image.png; path = border.png; sourceTree = "<group>"; };
		5DE2533F17B301050069EC96 /* RKComment.h */ = {isa = PBXFileReference; fileEncoding = 4; lastKnownFileType = sourcecode.c.h; path = RKComment.h; sourceTree = "<group>"; };
		5DE2534017B301050069EC96 /* RKComment.m */ = {isa = PBXFileReference; fileEncoding = 4; lastKnownFileType = sourcecode.c.objc; path = RKComment.m; sourceTree = "<group>"; };
		5DE2534217B438D00069EC96 /* CommentScrollViewItem.h */ = {isa = PBXFileReference; fileEncoding = 4; lastKnownFileType = sourcecode.c.h; path = CommentScrollViewItem.h; sourceTree = "<group>"; };
		5DE2534317B438D00069EC96 /* CommentScrollViewItem.m */ = {isa = PBXFileReference; fileEncoding = 4; lastKnownFileType = sourcecode.c.objc; path = CommentScrollViewItem.m; sourceTree = "<group>"; };
		5DE2534417B438D10069EC96 /* CommentScrollViewItem.xib */ = {isa = PBXFileReference; fileEncoding = 4; lastKnownFileType = file.xib; path = CommentScrollViewItem.xib; sourceTree = "<group>"; };
		6C6818BD3B3146F19D555AC7 /* libPods.a */ = {isa = PBXFileReference; explicitFileType = archive.ar; includeInIndex = 0; path = libPods.a; sourceTree = BUILT_PRODUCTS_DIR; };
		E241FCEAA9F14664A45919BA /* Pods.xcconfig */ = {isa = PBXFileReference; includeInIndex = 1; lastKnownFileType = text.xcconfig; name = Pods.xcconfig; path = Pods/Pods.xcconfig; sourceTree = SOURCE_ROOT; };
/* End PBXFileReference section */

/* Begin PBXFrameworksBuildPhase section */
		5D0BD0351670AAA30088A383 /* Frameworks */ = {
			isa = PBXFrameworksBuildPhase;
			buildActionMask = 2147483647;
			files = (
				5D0BD03D1670AAA30088A383 /* UIKit.framework in Frameworks */,
				5D0BD03F1670AAA30088A383 /* Foundation.framework in Frameworks */,
				5D0BD0411670AAA30088A383 /* CoreGraphics.framework in Frameworks */,
				20301876327F424892049AFA /* libPods.a in Frameworks */,
			);
			runOnlyForDeploymentPostprocessing = 0;
		};
/* End PBXFrameworksBuildPhase section */

/* Begin PBXGroup section */
		5D0BD02D1670AAA30088A383 = {
			isa = PBXGroup;
			children = (
				5D0BD0421670AAA30088A383 /* crushes */,
				5D0BD03B1670AAA30088A383 /* Frameworks */,
				5D0BD0391670AAA30088A383 /* Products */,
				E241FCEAA9F14664A45919BA /* Pods.xcconfig */,
			);
			sourceTree = "<group>";
		};
		5D0BD0391670AAA30088A383 /* Products */ = {
			isa = PBXGroup;
			children = (
				5D0BD0381670AAA30088A383 /* crushes.app */,
			);
			name = Products;
			sourceTree = "<group>";
		};
		5D0BD03B1670AAA30088A383 /* Frameworks */ = {
			isa = PBXGroup;
			children = (
				5D0BD03C1670AAA30088A383 /* UIKit.framework */,
				5D0BD03E1670AAA30088A383 /* Foundation.framework */,
				5D0BD0401670AAA30088A383 /* CoreGraphics.framework */,
				6C6818BD3B3146F19D555AC7 /* libPods.a */,
			);
			name = Frameworks;
			sourceTree = "<group>";
		};
		5D0BD0421670AAA30088A383 /* crushes */ = {
			isa = PBXGroup;
			children = (
				5DE2533617B132070069EC96 /* LettersScrollController.h */,
				5DE2533717B132070069EC96 /* LettersScrollController.m */,
				5DE2533517B132070069EC96 /* LettersScrollController.xib */,
				5DE2533017B130790069EC96 /* LetterCommentsViewController.h */,
				5DE2533117B130790069EC96 /* LetterCommentsViewController.m */,
				5DE2533217B130790069EC96 /* LetterCommentsViewController.xib */,
				5D7609D317A058890018F27B /* ScrollViewItem.h */,
				5D7609D417A058890018F27B /* ScrollViewItem.m */,
				5D7609D517A0588A0018F27B /* ScrollViewItem.xib */,
				5DE2534217B438D00069EC96 /* CommentScrollViewItem.h */,
				5DE2534317B438D00069EC96 /* CommentScrollViewItem.m */,
				5DE2534417B438D10069EC96 /* CommentScrollViewItem.xib */,
				5D0BD06B16710B920088A383 /* SendViewController.m */,
				5D0BD06A16710B920088A383 /* SendViewController.h */,
				5D0BD06D16710BB70088A383 /* SendViewController.xib */,
				5D7609B3179DCE100018F27B /* RODItemStore.h */,
				5D7609B4179DCE100018F27B /* RODItemStore.m */,
				5D7609B0179DBDF00018F27B /* RODItem.h */,
				5D7609B1179DBDF00018F27B /* RODItem.m */,
				5D0BD07816711F850088A383 /* WebViewController.h */,
				5D0BD07B16711FB30088A383 /* WebViewController.xib */,
				5D0BD07916711F850088A383 /* WebViewController.m */,
				5D7609AB179CDD660018F27B /* MenuViewController.h */,
				5D7609AC179CDD660018F27B /* MenuViewController.m */,
				5D7609C5179F0C580018F27B /* LoginView.xib */,
				5D7F30391780DCE8009F0AC6 /* RKLetter.h */,
				5D7F303A1780DCE8009F0AC6 /* RKLetter.m */,
				5D7F303C17810B3A009F0AC6 /* RKMessage.h */,
				5D7F303D17810B3B009F0AC6 /* RKMessage.m */,
				5D458D7F178B954000B71314 /* RKFullLetter.m */,
				5D458D7E178B954000B71314 /* RKFullLetter.h */,
				5DE2534017B301050069EC96 /* RKComment.m */,
				5DE2533F17B301050069EC96 /* RKComment.h */,
				5D458D8D178C7DC600B71314 /* RKEditLetter.h */,
				5D458D8E178C7DC600B71314 /* RKEditLetter.m */,
				5D458D90178C86F800B71314 /* RKEditMessage.h */,
				5D458D91178C86F800B71314 /* RKEditMessage.m */,
				5D0BD04B1670AAA30088A383 /* AppDelegate.h */,
				5D0BD04C1670AAA30088A383 /* AppDelegate.m */,
				5D0BD0431670AAA30088A383 /* Supporting Files */,
			);
			path = crushes;
			sourceTree = "<group>";
		};
		5D0BD0431670AAA30088A383 /* Supporting Files */ = {
			isa = PBXGroup;
			children = (
				5DE2533A17B134840069EC96 /* border.png */,
				5D7F30611784FA07009F0AC6 /* Default-Portrait~ipad.png */,
				5D7F305F1784FA01009F0AC6 /* Default-Portrait@2x~ipad.png */,
				5D7F305D1784F9F8009F0AC6 /* Default-Landscape~ipad.png */,
				5D7F305B1784F9F2009F0AC6 /* Default-Landscape@2x~ipad.png */,
				5D458D93178E318A00B71314 /* Default-568h@2x.png */,
				5D458D7C178B731500B71314 /* search.png */,
				5D458D7A17875C1000B71314 /* refresh.png */,
				5D7F30411782019E009F0AC6 /* medical.png */,
				5D7F303F17820161009F0AC6 /* envelope.png */,
				5D0BD076167117350088A383 /* pencil.png */,
				5D0BD0731671117C0088A383 /* bookmark.png */,
				5D0BD068167109FD0088A383 /* heart.png */,
				5D0BD066167109990088A383 /* home.png */,
				5DE2531B17ACC2150069EC96 /* comment.png */,
				5D0BD0591670AADB0088A383 /* crushes.entitlements */,
				5D0BD0441670AAA30088A383 /* crushes-Info.plist */,
				5D0BD0451670AAA30088A383 /* InfoPlist.strings */,
				5D0BD0481670AAA30088A383 /* main.m */,
				5D0BD04A1670AAA30088A383 /* crushes-Prefix.pch */,
				5D7F30591784F007009F0AC6 /* Default@2x.png */,
				5D7F30571784EFF3009F0AC6 /* Default.png */,
				5D7F304B1784C3E9009F0AC6 /* ios-app-icon-57x57.png */,
				5D7F30491784C3E5009F0AC6 /* ios-app-icon-114x114.png */,
				5D7F30551784CA3D009F0AC6 /* ios-app-icon-144x144.png */,
				5D7F30531784CA28009F0AC6 /* ios-app-icon-72x72.png */,
			);
			name = "Supporting Files";
			sourceTree = "<group>";
		};
/* End PBXGroup section */

/* Begin PBXNativeTarget section */
		5D0BD0371670AAA30088A383 /* crushes */ = {
			isa = PBXNativeTarget;
			buildConfigurationList = 5D0BD0561670AAA30088A383 /* Build configuration list for PBXNativeTarget "crushes" */;
			buildPhases = (
				35E162E57B5949329163ACA5 /* Check Pods Manifest.lock */,
				5D0BD0341670AAA30088A383 /* Sources */,
				5D0BD0351670AAA30088A383 /* Frameworks */,
				5D0BD0361670AAA30088A383 /* Resources */,
				6B0B731996EA4863BE3D0D79 /* Copy Pods Resources */,
			);
			buildRules = (
			);
			dependencies = (
			);
			name = crushes;
			productName = crushes;
			productReference = 5D0BD0381670AAA30088A383 /* crushes.app */;
			productType = "com.apple.product-type.application";
		};
/* End PBXNativeTarget section */

/* Begin PBXProject section */
		5D0BD02F1670AAA30088A383 /* Project object */ = {
			isa = PBXProject;
			attributes = {
				LastUpgradeCheck = 0450;
				ORGANIZATIONNAME = "Seth Hayward";
			};
			buildConfigurationList = 5D0BD0321670AAA30088A383 /* Build configuration list for PBXProject "crushes" */;
			compatibilityVersion = "Xcode 3.2";
			developmentRegion = English;
			hasScannedForEncodings = 0;
			knownRegions = (
				en,
			);
			mainGroup = 5D0BD02D1670AAA30088A383;
			productRefGroup = 5D0BD0391670AAA30088A383 /* Products */;
			projectDirPath = "";
			projectRoot = "";
			targets = (
				5D0BD0371670AAA30088A383 /* crushes */,
			);
		};
/* End PBXProject section */

/* Begin PBXResourcesBuildPhase section */
		5D0BD0361670AAA30088A383 /* Resources */ = {
			isa = PBXResourcesBuildPhase;
			buildActionMask = 2147483647;
			files = (
				5D0BD0471670AAA30088A383 /* InfoPlist.strings in Resources */,
				5D0BD067167109990088A383 /* home.png in Resources */,
				5D0BD069167109FD0088A383 /* heart.png in Resources */,
				5D0BD06E16710BB70088A383 /* SendViewController.xib in Resources */,
				5D0BD0741671117C0088A383 /* bookmark.png in Resources */,
				5D0BD077167117350088A383 /* pencil.png in Resources */,
				5D0BD07C16711FB30088A383 /* WebViewController.xib in Resources */,
				5D7F304017820161009F0AC6 /* envelope.png in Resources */,
				5D7F30421782019E009F0AC6 /* medical.png in Resources */,
				5D7F304A1784C3E5009F0AC6 /* ios-app-icon-114x114.png in Resources */,
				5D7F304C1784C3E9009F0AC6 /* ios-app-icon-57x57.png in Resources */,
				5D7F30541784CA28009F0AC6 /* ios-app-icon-72x72.png in Resources */,
				5D7F30561784CA3D009F0AC6 /* ios-app-icon-144x144.png in Resources */,
				5D7F30581784EFF3009F0AC6 /* Default.png in Resources */,
				5D7F305A1784F007009F0AC6 /* Default@2x.png in Resources */,
				5D7F305C1784F9F3009F0AC6 /* Default-Landscape@2x~ipad.png in Resources */,
				5D7F305E1784F9F8009F0AC6 /* Default-Landscape~ipad.png in Resources */,
				5D7F30601784FA01009F0AC6 /* Default-Portrait@2x~ipad.png in Resources */,
				5D7F30621784FA07009F0AC6 /* Default-Portrait~ipad.png in Resources */,
				5D458D7B17875C1000B71314 /* refresh.png in Resources */,
				5D458D7D178B731500B71314 /* search.png in Resources */,
				5D458D94178E318A00B71314 /* Default-568h@2x.png in Resources */,
				5D7609C6179F0C580018F27B /* LoginView.xib in Resources */,
				5D7609D717A0588B0018F27B /* ScrollViewItem.xib in Resources */,
				5DE2531C17ACC2150069EC96 /* comment.png in Resources */,
				5DE2533417B130790069EC96 /* LetterCommentsViewController.xib in Resources */,
				5DE2533817B132070069EC96 /* LettersScrollController.xib in Resources */,
				5DE2533B17B134840069EC96 /* border.png in Resources */,
				5DE2534617B438D10069EC96 /* CommentScrollViewItem.xib in Resources */,
			);
			runOnlyForDeploymentPostprocessing = 0;
		};
/* End PBXResourcesBuildPhase section */

/* Begin PBXShellScriptBuildPhase section */
		35E162E57B5949329163ACA5 /* Check Pods Manifest.lock */ = {
			isa = PBXShellScriptBuildPhase;
			buildActionMask = 2147483647;
			files = (
			);
			inputPaths = (
			);
			name = "Check Pods Manifest.lock";
			outputPaths = (
			);
			runOnlyForDeploymentPostprocessing = 0;
			shellPath = /bin/sh;
			shellScript = "diff \"${PODS_ROOT}/../Podfile.lock\" \"${PODS_ROOT}/Manifest.lock\" > /dev/null\nif [[ $? != 0 ]] ; then\n    cat << EOM\nerror: The sandbox is not in sync with the Podfile.lock. Run 'pod install' or update your CocoaPods installation.\nEOM\n    exit 1\nfi\n";
		};
		6B0B731996EA4863BE3D0D79 /* Copy Pods Resources */ = {
			isa = PBXShellScriptBuildPhase;
			buildActionMask = 2147483647;
			files = (
			);
			inputPaths = (
			);
			name = "Copy Pods Resources";
			outputPaths = (
			);
			runOnlyForDeploymentPostprocessing = 0;
			shellPath = /bin/sh;
			shellScript = "\"${SRCROOT}/Pods/Pods-resources.sh\"\n";
		};
/* End PBXShellScriptBuildPhase section */

/* Begin PBXSourcesBuildPhase section */
		5D0BD0341670AAA30088A383 /* Sources */ = {
			isa = PBXSourcesBuildPhase;
			buildActionMask = 2147483647;
			files = (
				5D0BD0491670AAA30088A383 /* main.m in Sources */,
				5D0BD04D1670AAA30088A383 /* AppDelegate.m in Sources */,
				5D0BD06C16710B920088A383 /* SendViewController.m in Sources */,
				5D0BD07A16711F850088A383 /* WebViewController.m in Sources */,
				5D7F303B1780DCE8009F0AC6 /* RKLetter.m in Sources */,
				5D7F303E17810B3B009F0AC6 /* RKMessage.m in Sources */,
				5D458D80178B954000B71314 /* RKFullLetter.m in Sources */,
				5D458D8F178C7DC600B71314 /* RKEditLetter.m in Sources */,
				5D458D92178C86F800B71314 /* RKEditMessage.m in Sources */,
				5D7609AE179CDD660018F27B /* MenuViewController.m in Sources */,
				5D7609B2179DBDF00018F27B /* RODItem.m in Sources */,
				5D7609B5179DCE100018F27B /* RODItemStore.m in Sources */,
				5D7609D617A0588B0018F27B /* ScrollViewItem.m in Sources */,
				5DE2533317B130790069EC96 /* LetterCommentsViewController.m in Sources */,
				5DE2533917B132070069EC96 /* LettersScrollController.m in Sources */,
				5DE2534117B301050069EC96 /* RKComment.m in Sources */,
				5DE2534517B438D10069EC96 /* CommentScrollViewItem.m in Sources */,
			);
			runOnlyForDeploymentPostprocessing = 0;
		};
/* End PBXSourcesBuildPhase section */

/* Begin PBXVariantGroup section */
		5D0BD0451670AAA30088A383 /* InfoPlist.strings */ = {
			isa = PBXVariantGroup;
			children = (
				5D0BD0461670AAA30088A383 /* en */,
			);
			name = InfoPlist.strings;
			sourceTree = "<group>";
		};
/* End PBXVariantGroup section */

/* Begin XCBuildConfiguration section */
		5D0BD0541670AAA30088A383 /* Debug */ = {
			isa = XCBuildConfiguration;
			buildSettings = {
				ALWAYS_SEARCH_USER_PATHS = NO;
				CLANG_CXX_LANGUAGE_STANDARD = "gnu++0x";
				CLANG_CXX_LIBRARY = "libc++";
				CLANG_ENABLE_OBJC_ARC = YES;
				CLANG_WARN_EMPTY_BODY = YES;
				CLANG_WARN__DUPLICATE_METHOD_MATCH = YES;
				"CODE_SIGN_IDENTITY[sdk=iphoneos*]" = "iPhone Developer";
				COPY_PHASE_STRIP = NO;
				GCC_C_LANGUAGE_STANDARD = gnu99;
				GCC_DYNAMIC_NO_PIC = NO;
				GCC_OPTIMIZATION_LEVEL = 0;
				GCC_PREPROCESSOR_DEFINITIONS = (
					"DEBUG=1",
					"$(inherited)",
				);
				GCC_SYMBOLS_PRIVATE_EXTERN = NO;
				GCC_WARN_ABOUT_RETURN_TYPE = YES;
				GCC_WARN_UNINITIALIZED_AUTOS = YES;
				GCC_WARN_UNUSED_VARIABLE = YES;
				IPHONEOS_DEPLOYMENT_TARGET = 6.0;
				ONLY_ACTIVE_ARCH = YES;
				SDKROOT = iphoneos;
			};
			name = Debug;
		};
		5D0BD0551670AAA30088A383 /* Release */ = {
			isa = XCBuildConfiguration;
			buildSettings = {
				ALWAYS_SEARCH_USER_PATHS = NO;
				CLANG_CXX_LANGUAGE_STANDARD = "gnu++0x";
				CLANG_CXX_LIBRARY = "libc++";
				CLANG_ENABLE_OBJC_ARC = YES;
				CLANG_WARN_EMPTY_BODY = YES;
				CLANG_WARN__DUPLICATE_METHOD_MATCH = YES;
				"CODE_SIGN_IDENTITY[sdk=iphoneos*]" = "iPhone Developer";
				COPY_PHASE_STRIP = YES;
				GCC_C_LANGUAGE_STANDARD = gnu99;
				GCC_WARN_ABOUT_RETURN_TYPE = YES;
				GCC_WARN_UNINITIALIZED_AUTOS = YES;
				GCC_WARN_UNUSED_VARIABLE = YES;
				IPHONEOS_DEPLOYMENT_TARGET = 6.0;
				OTHER_CFLAGS = "-DNS_BLOCK_ASSERTIONS=1";
				SDKROOT = iphoneos;
				VALIDATE_PRODUCT = YES;
			};
			name = Release;
		};
		5D0BD0571670AAA30088A383 /* Debug */ = {
			isa = XCBuildConfiguration;
			baseConfigurationReference = E241FCEAA9F14664A45919BA /* Pods.xcconfig */;
			buildSettings = {
				CODE_SIGN_ENTITLEMENTS = crushes/crushes.entitlements;
				GCC_PRECOMPILE_PREFIX_HEADER = YES;
				GCC_PREFIX_HEADER = "crushes/crushes-Prefix.pch";
				INFOPLIST_FILE = "crushes/crushes-Info.plist";
				IPHONEOS_DEPLOYMENT_TARGET = 6.1;
				PRODUCT_NAME = "$(TARGET_NAME)";
				TARGETED_DEVICE_FAMILY = "1,2";
				WRAPPER_EXTENSION = app;
			};
			name = Debug;
		};
		5D0BD0581670AAA30088A383 /* Release */ = {
			isa = XCBuildConfiguration;
			baseConfigurationReference = E241FCEAA9F14664A45919BA /* Pods.xcconfig */;
			buildSettings = {
				CODE_SIGN_ENTITLEMENTS = crushes/crushes.entitlements;
				CODE_SIGN_IDENTITY = "iPhone Distribution: Seth Hayward";
				"CODE_SIGN_IDENTITY[sdk=iphoneos*]" = "iPhone Distribution: Seth Hayward";
				GCC_PRECOMPILE_PREFIX_HEADER = YES;
				GCC_PREFIX_HEADER = "crushes/crushes-Prefix.pch";
				INFOPLIST_FILE = "crushes/crushes-Info.plist";
				IPHONEOS_DEPLOYMENT_TARGET = 6.1;
				PRODUCT_NAME = "$(TARGET_NAME)";
				PROVISIONING_PROFILE = "703DFDCF-0196-4297-B57F-0CF04B1773B0";
				"PROVISIONING_PROFILE[sdk=iphoneos*]" = "703DFDCF-0196-4297-B57F-0CF04B1773B0";
				TARGETED_DEVICE_FAMILY = "1,2";
				WRAPPER_EXTENSION = app;
			};
			name = Release;
		};
/* End XCBuildConfiguration section */

/* Begin XCConfigurationList section */
		5D0BD0321670AAA30088A383 /* Build configuration list for PBXProject "crushes" */ = {
			isa = XCConfigurationList;
			buildConfigurations = (
				5D0BD0541670AAA30088A383 /* Debug */,
				5D0BD0551670AAA30088A383 /* Release */,
			);
			defaultConfigurationIsVisible = 0;
			defaultConfigurationName = Release;
		};
		5D0BD0561670AAA30088A383 /* Build configuration list for PBXNativeTarget "crushes" */ = {
			isa = XCConfigurationList;
			buildConfigurations = (
				5D0BD0571670AAA30088A383 /* Debug */,
				5D0BD0581670AAA30088A383 /* Release */,
			);
			defaultConfigurationIsVisible = 0;
			defaultConfigurationName = Release;
		};
/* End XCConfigurationList section */
	};
	rootObject = 5D0BD02F1670AAA30088A383 /* Project object */;
}
