// !$*UTF8*$!
{
	archiveVersion = 1;
	classes = {
	};
	objectVersion = 46;
	objects = {

/* Begin PBXBuildFile section */
		20301876327F424892049AFA /* libPods.a in Frameworks */ = {isa = PBXBuildFile; fileRef = 6C6818BD3B3146F19D555AC7 /* libPods.a */; };
		5D0BD03D1670AAA30088A383 /* UIKit.framework in Frameworks */ = {isa = PBXBuildFile; fileRef = 5D0BD03C1670AAA30088A383 /* UIKit.framework */; };
		5D0BD03F1670AAA30088A383 /* Foundation.framework in Frameworks */ = {isa = PBXBuildFile; fileRef = 5D0BD03E1670AAA30088A383 /* Foundation.framework */; };
		5D0BD0411670AAA30088A383 /* CoreGraphics.framework in Frameworks */ = {isa = PBXBuildFile; fileRef = 5D0BD0401670AAA30088A383 /* CoreGraphics.framework */; };
		5D0BD0471670AAA30088A383 /* InfoPlist.strings in Resources */ = {isa = PBXBuildFile; fileRef = 5D0BD0451670AAA30088A383 /* InfoPlist.strings */; };
		5D0BD0491670AAA30088A383 /* main.m in Sources */ = {isa = PBXBuildFile; fileRef = 5D0BD0481670AAA30088A383 /* main.m */; };
		5D0BD04D1670AAA30088A383 /* AppDelegate.m in Sources */ = {isa = PBXBuildFile; fileRef = 5D0BD04C1670AAA30088A383 /* AppDelegate.m */; };
		5D0BD067167109990088A383 /* home.png in Resources */ = {isa = PBXBuildFile; fileRef = 5D0BD066167109990088A383 /* home.png */; };
		5D0BD069167109FD0088A383 /* heart.png in Resources */ = {isa = PBXBuildFile; fileRef = 5D0BD068167109FD0088A383 /* heart.png */; };
		5D0BD06C16710B920088A383 /* SendViewController.m in Sources */ = {isa = PBXBuildFile; fileRef = 5D0BD06B16710B920088A383 /* SendViewController.m */; };
		5D0BD06E16710BB70088A383 /* SendViewController.xib in Resources */ = {isa = PBXBuildFile; fileRef = 5D0BD06D16710BB70088A383 /* SendViewController.xib */; };
		5D0BD0741671117C0088A383 /* bookmark.png in Resources */ = {isa = PBXBuildFile; fileRef = 5D0BD0731671117C0088A383 /* bookmark.png */; };
		5D0BD077167117350088A383 /* pencil.png in Resources */ = {isa = PBXBuildFile; fileRef = 5D0BD076167117350088A383 /* pencil.png */; };
		5D0D7CF51804DC4200D661F3 /* Default.png in Resources */ = {isa = PBXBuildFile; fileRef = 5D0D7CF31804DC4200D661F3 /* Default.png */; };
		5D0D7CF61804DC4200D661F3 /* Default~iphone.png in Resources */ = {isa = PBXBuildFile; fileRef = 5D0D7CF41804DC4200D661F3 /* Default~iphone.png */; };
		5D0D7CF81804DD6400D661F3 /* Default-568h@2x.png in Resources */ = {isa = PBXBuildFile; fileRef = 5D0D7CF71804DD6400D661F3 /* Default-568h@2x.png */; };
		5D0D7CFA1804E07E00D661F3 /* Default~ipad.png in Resources */ = {isa = PBXBuildFile; fileRef = 5D0D7CF91804E07E00D661F3 /* Default~ipad.png */; };
		5D36B9BF17E538C500955B1F /* cog.png in Resources */ = {isa = PBXBuildFile; fileRef = 5D36B9BE17E538C500955B1F /* cog.png */; };
		5D36B9C117E54ED000955B1F /* cog_2.png in Resources */ = {isa = PBXBuildFile; fileRef = 5D36B9C017E54ED000955B1F /* cog_2.png */; };
		5D458D7B17875C1000B71314 /* refresh.png in Resources */ = {isa = PBXBuildFile; fileRef = 5D458D7A17875C1000B71314 /* refresh.png */; };
		5D458D7D178B731500B71314 /* search.png in Resources */ = {isa = PBXBuildFile; fileRef = 5D458D7C178B731500B71314 /* search.png */; };
		5D458D80178B954000B71314 /* RKFullLetter.m in Sources */ = {isa = PBXBuildFile; fileRef = 5D458D7F178B954000B71314 /* RKFullLetter.m */; };
		5D458D8F178C7DC600B71314 /* RKEditLetter.m in Sources */ = {isa = PBXBuildFile; fileRef = 5D458D8E178C7DC600B71314 /* RKEditLetter.m */; };
		5D458D92178C86F800B71314 /* RKEditMessage.m in Sources */ = {isa = PBXBuildFile; fileRef = 5D458D91178C86F800B71314 /* RKEditMessage.m */; };
		5D528C9917C1207100AAB762 /* border.png in Resources */ = {isa = PBXBuildFile; fileRef = 5D528C9817C1207100AAB762 /* border.png */; };
		5D528C9D17C12FEF00AAB762 /* PagerViewController.m in Sources */ = {isa = PBXBuildFile; fileRef = 5D528C9B17C12FEF00AAB762 /* PagerViewController.m */; };
		5D528C9E17C12FEF00AAB762 /* PagerViewController.xib in Resources */ = {isa = PBXBuildFile; fileRef = 5D528C9C17C12FEF00AAB762 /* PagerViewController.xib */; };
		5D528CA117C2B6AD00AAB762 /* RODSettings.m in Sources */ = {isa = PBXBuildFile; fileRef = 5D528CA017C2B6AD00AAB762 /* RODSettings.m */; };
		5D528CA817C3F69300AAB762 /* SearchViewController.m in Sources */ = {isa = PBXBuildFile; fileRef = 5D528CA617C3F69200AAB762 /* SearchViewController.m */; };
		5D528CA917C3F69300AAB762 /* SearchViewController.xib in Resources */ = {isa = PBXBuildFile; fileRef = 5D528CA717C3F69200AAB762 /* SearchViewController.xib */; };
		5D528CAC17C3FEBE00AAB762 /* RODSentLetter.m in Sources */ = {isa = PBXBuildFile; fileRef = 5D528CAB17C3FEBD00AAB762 /* RODSentLetter.m */; };
		5D528CF517C6C57C00AAB762 /* J1-blue-highlighted.png in Resources */ = {isa = PBXBuildFile; fileRef = 5D528CB117C6C57C00AAB762 /* J1-blue-highlighted.png */; };
		5D528CF617C6C57C00AAB762 /* J1-blue-highlighted@2x.png in Resources */ = {isa = PBXBuildFile; fileRef = 5D528CB217C6C57C00AAB762 /* J1-blue-highlighted@2x.png */; };
		5D528CF717C6C57C00AAB762 /* J1-blue-normal.png in Resources */ = {isa = PBXBuildFile; fileRef = 5D528CB317C6C57C00AAB762 /* J1-blue-normal.png */; };
		5D528CF817C6C57C00AAB762 /* J1-blue-normal@2x.png in Resources */ = {isa = PBXBuildFile; fileRef = 5D528CB417C6C57C00AAB762 /* J1-blue-normal@2x.png */; };
		5D528CF917C6C57C00AAB762 /* J1-blue-selected.png in Resources */ = {isa = PBXBuildFile; fileRef = 5D528CB517C6C57C00AAB762 /* J1-blue-selected.png */; };
		5D528CFA17C6C57C00AAB762 /* J1-blue-selected@2x.png in Resources */ = {isa = PBXBuildFile; fileRef = 5D528CB617C6C57C00AAB762 /* J1-blue-selected@2x.png */; };
		5D528CFB17C6C57C00AAB762 /* J1-blue-small-highlighted.png in Resources */ = {isa = PBXBuildFile; fileRef = 5D528CB717C6C57C00AAB762 /* J1-blue-small-highlighted.png */; };
		5D528CFC17C6C57C00AAB762 /* J1-blue-small-highlighted@2x.png in Resources */ = {isa = PBXBuildFile; fileRef = 5D528CB817C6C57C00AAB762 /* J1-blue-small-highlighted@2x.png */; };
		5D528CFD17C6C57C00AAB762 /* J1-blue-small-normal.png in Resources */ = {isa = PBXBuildFile; fileRef = 5D528CB917C6C57C00AAB762 /* J1-blue-small-normal.png */; };
		5D528CFE17C6C57C00AAB762 /* J1-blue-small-normal@2x.png in Resources */ = {isa = PBXBuildFile; fileRef = 5D528CBA17C6C57C00AAB762 /* J1-blue-small-normal@2x.png */; };
		5D528CFF17C6C57C00AAB762 /* J1-blue-small-selected.png in Resources */ = {isa = PBXBuildFile; fileRef = 5D528CBB17C6C57C00AAB762 /* J1-blue-small-selected.png */; };
		5D528D0017C6C57C00AAB762 /* J1-blue-small-selected@2x.png in Resources */ = {isa = PBXBuildFile; fileRef = 5D528CBC17C6C57C00AAB762 /* J1-blue-small-selected@2x.png */; };
		5D528D0117C6C57C00AAB762 /* J1-gray-disabled.png in Resources */ = {isa = PBXBuildFile; fileRef = 5D528CBD17C6C57C00AAB762 /* J1-gray-disabled.png */; };
		5D528D0217C6C57C00AAB762 /* J1-gray-disabled@2x.png in Resources */ = {isa = PBXBuildFile; fileRef = 5D528CBE17C6C57C00AAB762 /* J1-gray-disabled@2x.png */; };
		5D528D0317C6C57C00AAB762 /* J1-gray-highlighted.png in Resources */ = {isa = PBXBuildFile; fileRef = 5D528CBF17C6C57C00AAB762 /* J1-gray-highlighted.png */; };
		5D528D0417C6C57C00AAB762 /* J1-gray-highlighted@2x.png in Resources */ = {isa = PBXBuildFile; fileRef = 5D528CC017C6C57C00AAB762 /* J1-gray-highlighted@2x.png */; };
		5D528D0517C6C57C00AAB762 /* J1-gray-normal.png in Resources */ = {isa = PBXBuildFile; fileRef = 5D528CC117C6C57C00AAB762 /* J1-gray-normal.png */; };
		5D528D0617C6C57C00AAB762 /* J1-gray-normal@2x.png in Resources */ = {isa = PBXBuildFile; fileRef = 5D528CC217C6C57C00AAB762 /* J1-gray-normal@2x.png */; };
		5D528D0717C6C57C00AAB762 /* J1-gray-selected.png in Resources */ = {isa = PBXBuildFile; fileRef = 5D528CC317C6C57C00AAB762 /* J1-gray-selected.png */; };
		5D528D0817C6C57C00AAB762 /* J1-gray-selected@2x.png in Resources */ = {isa = PBXBuildFile; fileRef = 5D528CC417C6C57C00AAB762 /* J1-gray-selected@2x.png */; };
		5D528D0917C6C57C00AAB762 /* J1-gray-small-disabled.png in Resources */ = {isa = PBXBuildFile; fileRef = 5D528CC517C6C57C00AAB762 /* J1-gray-small-disabled.png */; };
		5D528D0A17C6C57C00AAB762 /* J1-gray-small-disabled@2x.png in Resources */ = {isa = PBXBuildFile; fileRef = 5D528CC617C6C57C00AAB762 /* J1-gray-small-disabled@2x.png */; };
		5D528D0B17C6C57C00AAB762 /* J1-gray-small-highlighted.png in Resources */ = {isa = PBXBuildFile; fileRef = 5D528CC717C6C57C00AAB762 /* J1-gray-small-highlighted.png */; };
		5D528D0C17C6C57C00AAB762 /* J1-gray-small-highlighted@2x.png in Resources */ = {isa = PBXBuildFile; fileRef = 5D528CC817C6C57C00AAB762 /* J1-gray-small-highlighted@2x.png */; };
		5D528D0D17C6C57C00AAB762 /* J1-gray-small-normal.png in Resources */ = {isa = PBXBuildFile; fileRef = 5D528CC917C6C57C00AAB762 /* J1-gray-small-normal.png */; };
		5D528D0E17C6C57C00AAB762 /* J1-gray-small-normal@2x.png in Resources */ = {isa = PBXBuildFile; fileRef = 5D528CCA17C6C57C00AAB762 /* J1-gray-small-normal@2x.png */; };
		5D528D0F17C6C57C00AAB762 /* J1-gray-small-selected.png in Resources */ = {isa = PBXBuildFile; fileRef = 5D528CCB17C6C57C00AAB762 /* J1-gray-small-selected.png */; };
		5D528D1017C6C57C00AAB762 /* J1-gray-small-selected@2x.png in Resources */ = {isa = PBXBuildFile; fileRef = 5D528CCC17C6C57C00AAB762 /* J1-gray-small-selected@2x.png */; };
		5D528D1117C6C57C00AAB762 /* J1-grayOnBlack-disabled.png in Resources */ = {isa = PBXBuildFile; fileRef = 5D528CCD17C6C57C00AAB762 /* J1-grayOnBlack-disabled.png */; };
		5D528D1217C6C57C00AAB762 /* J1-grayOnBlack-disabled@2x.png in Resources */ = {isa = PBXBuildFile; fileRef = 5D528CCE17C6C57C00AAB762 /* J1-grayOnBlack-disabled@2x.png */; };
		5D528D1317C6C57C00AAB762 /* J1-grayOnBlack-highlighted.png in Resources */ = {isa = PBXBuildFile; fileRef = 5D528CCF17C6C57C00AAB762 /* J1-grayOnBlack-highlighted.png */; };
		5D528D1417C6C57C00AAB762 /* J1-grayOnBlack-highlighted@2x.png in Resources */ = {isa = PBXBuildFile; fileRef = 5D528CD017C6C57C00AAB762 /* J1-grayOnBlack-highlighted@2x.png */; };
		5D528D1517C6C57C00AAB762 /* J1-grayOnBlack-normal.png in Resources */ = {isa = PBXBuildFile; fileRef = 5D528CD117C6C57C00AAB762 /* J1-grayOnBlack-normal.png */; };
		5D528D1617C6C57C00AAB762 /* J1-grayOnBlack-normal@2x.png in Resources */ = {isa = PBXBuildFile; fileRef = 5D528CD217C6C57C00AAB762 /* J1-grayOnBlack-normal@2x.png */; };
		5D528D1717C6C57C00AAB762 /* J1-grayOnBlack-selected.png in Resources */ = {isa = PBXBuildFile; fileRef = 5D528CD317C6C57C00AAB762 /* J1-grayOnBlack-selected.png */; };
		5D528D1817C6C57C00AAB762 /* J1-grayOnBlack-selected@2x.png in Resources */ = {isa = PBXBuildFile; fileRef = 5D528CD417C6C57C00AAB762 /* J1-grayOnBlack-selected@2x.png */; };
		5D528D1917C6C57C00AAB762 /* J1-grayOnBlack-small-disabled.png in Resources */ = {isa = PBXBuildFile; fileRef = 5D528CD517C6C57C00AAB762 /* J1-grayOnBlack-small-disabled.png */; };
		5D528D1A17C6C57C00AAB762 /* J1-grayOnBlack-small-disabled@2x.png in Resources */ = {isa = PBXBuildFile; fileRef = 5D528CD617C6C57C00AAB762 /* J1-grayOnBlack-small-disabled@2x.png */; };
		5D528D1B17C6C57C00AAB762 /* J1-grayOnBlack-small-highlighted.png in Resources */ = {isa = PBXBuildFile; fileRef = 5D528CD717C6C57C00AAB762 /* J1-grayOnBlack-small-highlighted.png */; };
		5D528D1C17C6C57C00AAB762 /* J1-grayOnBlack-small-highlighted@2x.png in Resources */ = {isa = PBXBuildFile; fileRef = 5D528CD817C6C57C00AAB762 /* J1-grayOnBlack-small-highlighted@2x.png */; };
		5D528D1D17C6C57C00AAB762 /* J1-grayOnBlack-small-normal.png in Resources */ = {isa = PBXBuildFile; fileRef = 5D528CD917C6C57C00AAB762 /* J1-grayOnBlack-small-normal.png */; };
		5D528D1E17C6C57C00AAB762 /* J1-grayOnBlack-small-normal@2x.png in Resources */ = {isa = PBXBuildFile; fileRef = 5D528CDA17C6C57C00AAB762 /* J1-grayOnBlack-small-normal@2x.png */; };
		5D528D1F17C6C57C00AAB762 /* J1-grayOnBlack-small-selected.png in Resources */ = {isa = PBXBuildFile; fileRef = 5D528CDB17C6C57C00AAB762 /* J1-grayOnBlack-small-selected.png */; };
		5D528D2017C6C57C00AAB762 /* J1-grayOnBlack-small-selected@2x.png in Resources */ = {isa = PBXBuildFile; fileRef = 5D528CDC17C6C57C00AAB762 /* J1-grayOnBlack-small-selected@2x.png */; };
		5D528D2117C6C57C00AAB762 /* J1-green-highlighted.png in Resources */ = {isa = PBXBuildFile; fileRef = 5D528CDD17C6C57C00AAB762 /* J1-green-highlighted.png */; };
		5D528D2217C6C57C00AAB762 /* J1-green-highlighted@2x.png in Resources */ = {isa = PBXBuildFile; fileRef = 5D528CDE17C6C57C00AAB762 /* J1-green-highlighted@2x.png */; };
		5D528D2317C6C57C00AAB762 /* J1-green-normal.png in Resources */ = {isa = PBXBuildFile; fileRef = 5D528CDF17C6C57C00AAB762 /* J1-green-normal.png */; };
		5D528D2417C6C57C00AAB762 /* J1-green-normal@2x.png in Resources */ = {isa = PBXBuildFile; fileRef = 5D528CE017C6C57C00AAB762 /* J1-green-normal@2x.png */; };
		5D528D2517C6C57C00AAB762 /* J1-green-selected.png in Resources */ = {isa = PBXBuildFile; fileRef = 5D528CE117C6C57C00AAB762 /* J1-green-selected.png */; };
		5D528D2617C6C57C00AAB762 /* J1-green-selected@2x.png in Resources */ = {isa = PBXBuildFile; fileRef = 5D528CE217C6C57C00AAB762 /* J1-green-selected@2x.png */; };
		5D528D2717C6C57C00AAB762 /* J1-green-small-highlighted.png in Resources */ = {isa = PBXBuildFile; fileRef = 5D528CE317C6C57C00AAB762 /* J1-green-small-highlighted.png */; };
		5D528D2817C6C57C00AAB762 /* J1-green-small-highlighted@2x.png in Resources */ = {isa = PBXBuildFile; fileRef = 5D528CE417C6C57C00AAB762 /* J1-green-small-highlighted@2x.png */; };
		5D528D2917C6C57C00AAB762 /* J1-green-small-normal.png in Resources */ = {isa = PBXBuildFile; fileRef = 5D528CE517C6C57C00AAB762 /* J1-green-small-normal.png */; };
		5D528D2A17C6C57C00AAB762 /* J1-green-small-normal@2x.png in Resources */ = {isa = PBXBuildFile; fileRef = 5D528CE617C6C57C00AAB762 /* J1-green-small-normal@2x.png */; };
		5D528D2B17C6C57C00AAB762 /* J1-green-small-selected.png in Resources */ = {isa = PBXBuildFile; fileRef = 5D528CE717C6C57C00AAB762 /* J1-green-small-selected.png */; };
		5D528D2C17C6C57C00AAB762 /* J1-green-small-selected@2x.png in Resources */ = {isa = PBXBuildFile; fileRef = 5D528CE817C6C57C00AAB762 /* J1-green-small-selected@2x.png */; };
		5D528D2D17C6C57C00AAB762 /* J1-red-highlighted.png in Resources */ = {isa = PBXBuildFile; fileRef = 5D528CE917C6C57C00AAB762 /* J1-red-highlighted.png */; };
		5D528D2E17C6C57C00AAB762 /* J1-red-highlighted@2x.png in Resources */ = {isa = PBXBuildFile; fileRef = 5D528CEA17C6C57C00AAB762 /* J1-red-highlighted@2x.png */; };
		5D528D2F17C6C57C00AAB762 /* J1-red-normal.png in Resources */ = {isa = PBXBuildFile; fileRef = 5D528CEB17C6C57C00AAB762 /* J1-red-normal.png */; };
		5D528D3017C6C57C00AAB762 /* J1-red-normal@2x.png in Resources */ = {isa = PBXBuildFile; fileRef = 5D528CEC17C6C57C00AAB762 /* J1-red-normal@2x.png */; };
		5D528D3117C6C57C00AAB762 /* J1-red-selected.png in Resources */ = {isa = PBXBuildFile; fileRef = 5D528CED17C6C57C00AAB762 /* J1-red-selected.png */; };
		5D528D3217C6C57C00AAB762 /* J1-red-selected@2x.png in Resources */ = {isa = PBXBuildFile; fileRef = 5D528CEE17C6C57C00AAB762 /* J1-red-selected@2x.png */; };
		5D528D3317C6C57C00AAB762 /* J1-red-small-highlighted.png in Resources */ = {isa = PBXBuildFile; fileRef = 5D528CEF17C6C57C00AAB762 /* J1-red-small-highlighted.png */; };
		5D528D3417C6C57C00AAB762 /* J1-red-small-highlighted@2x.png in Resources */ = {isa = PBXBuildFile; fileRef = 5D528CF017C6C57C00AAB762 /* J1-red-small-highlighted@2x.png */; };
		5D528D3517C6C57C00AAB762 /* J1-red-small-normal.png in Resources */ = {isa = PBXBuildFile; fileRef = 5D528CF117C6C57C00AAB762 /* J1-red-small-normal.png */; };
		5D528D3617C6C57C00AAB762 /* J1-red-small-normal@2x.png in Resources */ = {isa = PBXBuildFile; fileRef = 5D528CF217C6C57C00AAB762 /* J1-red-small-normal@2x.png */; };
		5D528D3717C6C57C00AAB762 /* J1-red-small-selected.png in Resources */ = {isa = PBXBuildFile; fileRef = 5D528CF317C6C57C00AAB762 /* J1-red-small-selected.png */; };
		5D528D3817C6C57C00AAB762 /* J1-red-small-selected@2x.png in Resources */ = {isa = PBXBuildFile; fileRef = 5D528CF417C6C57C00AAB762 /* J1-red-small-selected@2x.png */; };
		5D528D3A17C6CA3B00AAB762 /* heart-15px.png in Resources */ = {isa = PBXBuildFile; fileRef = 5D528D3917C6CA3B00AAB762 /* heart-15px.png */; };
		5D6F64CC1804F21A00C26BF7 /* b-v02-768x1024.png in Resources */ = {isa = PBXBuildFile; fileRef = 5D6F64C81804F21A00C26BF7 /* b-v02-768x1024.png */; };
		5D6F64CD1804F21A00C26BF7 /* b-v02-1024x768.png in Resources */ = {isa = PBXBuildFile; fileRef = 5D6F64C91804F21A00C26BF7 /* b-v02-1024x768.png */; };
		5D6F64CE1804F21A00C26BF7 /* b-v02-1536x2048.png in Resources */ = {isa = PBXBuildFile; fileRef = 5D6F64CA1804F21A00C26BF7 /* b-v02-1536x2048.png */; };
		5D6F64CF1804F21A00C26BF7 /* b-v02-2048x1536.png in Resources */ = {isa = PBXBuildFile; fileRef = 5D6F64CB1804F21A00C26BF7 /* b-v02-2048x1536.png */; };
		5D7609AE179CDD660018F27B /* MenuViewController.m in Sources */ = {isa = PBXBuildFile; fileRef = 5D7609AC179CDD660018F27B /* MenuViewController.m */; };
		5D7609B2179DBDF00018F27B /* RODItem.m in Sources */ = {isa = PBXBuildFile; fileRef = 5D7609B1179DBDF00018F27B /* RODItem.m */; };
		5D7609B5179DCE100018F27B /* RODItemStore.m in Sources */ = {isa = PBXBuildFile; fileRef = 5D7609B4179DCE100018F27B /* RODItemStore.m */; };
		5D7609C6179F0C580018F27B /* LoginView.xib in Resources */ = {isa = PBXBuildFile; fileRef = 5D7609C5179F0C580018F27B /* LoginView.xib */; };
		5D7609D617A0588B0018F27B /* ScrollViewItem.m in Sources */ = {isa = PBXBuildFile; fileRef = 5D7609D417A058890018F27B /* ScrollViewItem.m */; };
		5D7609D717A0588B0018F27B /* ScrollViewItem.xib in Resources */ = {isa = PBXBuildFile; fileRef = 5D7609D517A0588A0018F27B /* ScrollViewItem.xib */; };
		5D770C6E180872640061D243 /* SignupViewController.m in Sources */ = {isa = PBXBuildFile; fileRef = 5D770C6C180872640061D243 /* SignupViewController.m */; };
		5D770C6F180872640061D243 /* SignupViewController.xib in Resources */ = {isa = PBXBuildFile; fileRef = 5D770C6D180872640061D243 /* SignupViewController.xib */; };
		5D770C711808FE3F0061D243 /* Images.xcassets in Resources */ = {isa = PBXBuildFile; fileRef = 5D770C701808FE3F0061D243 /* Images.xcassets */; };
		5D7ABC841804EB57007D253D /* Default-Portrait@2x~ipad.png in Resources */ = {isa = PBXBuildFile; fileRef = 5D7ABC831804EB57007D253D /* Default-Portrait@2x~ipad.png */; };
		5D7ABC861804EB6E007D253D /* Default-Landscape~ipad.png in Resources */ = {isa = PBXBuildFile; fileRef = 5D7ABC851804EB6E007D253D /* Default-Landscape~ipad.png */; };
		5D7ABC881804EB82007D253D /* Default-Landscape@2x~ipad.png in Resources */ = {isa = PBXBuildFile; fileRef = 5D7ABC871804EB82007D253D /* Default-Landscape@2x~ipad.png */; };
		5D7F303B1780DCE8009F0AC6 /* RKLetter.m in Sources */ = {isa = PBXBuildFile; fileRef = 5D7F303A1780DCE8009F0AC6 /* RKLetter.m */; };
		5D7F303E17810B3B009F0AC6 /* RKMessage.m in Sources */ = {isa = PBXBuildFile; fileRef = 5D7F303D17810B3B009F0AC6 /* RKMessage.m */; };
		5D7F304017820161009F0AC6 /* envelope.png in Resources */ = {isa = PBXBuildFile; fileRef = 5D7F303F17820161009F0AC6 /* envelope.png */; };
		5D7F30421782019E009F0AC6 /* medical.png in Resources */ = {isa = PBXBuildFile; fileRef = 5D7F30411782019E009F0AC6 /* medical.png */; };
		5D7F304A1784C3E5009F0AC6 /* ios-app-icon-114x114.png in Resources */ = {isa = PBXBuildFile; fileRef = 5D7F30491784C3E5009F0AC6 /* ios-app-icon-114x114.png */; };
		5D7F304C1784C3E9009F0AC6 /* ios-app-icon-57x57.png in Resources */ = {isa = PBXBuildFile; fileRef = 5D7F304B1784C3E9009F0AC6 /* ios-app-icon-57x57.png */; };
		5D7F30541784CA28009F0AC6 /* ios-app-icon-72x72.png in Resources */ = {isa = PBXBuildFile; fileRef = 5D7F30531784CA28009F0AC6 /* ios-app-icon-72x72.png */; };
		5D7F30561784CA3D009F0AC6 /* ios-app-icon-144x144.png in Resources */ = {isa = PBXBuildFile; fileRef = 5D7F30551784CA3D009F0AC6 /* ios-app-icon-144x144.png */; };
		5D977D0417E61B99002DA837 /* AddCommentViewController.m in Sources */ = {isa = PBXBuildFile; fileRef = 5D977D0217E61B99002DA837 /* AddCommentViewController.m */; };
		5D977D0517E61B99002DA837 /* AddCommentViewController.xib in Resources */ = {isa = PBXBuildFile; fileRef = 5D977D0317E61B99002DA837 /* AddCommentViewController.xib */; };
		5D977D0817E66147002DA837 /* RKPostComment.m in Sources */ = {isa = PBXBuildFile; fileRef = 5D977D0717E66147002DA837 /* RKPostComment.m */; };
		5D977D1217E68125002DA837 /* add.png in Resources */ = {isa = PBXBuildFile; fileRef = 5D977D1117E68125002DA837 /* add.png */; };
		5D977D1417E6814B002DA837 /* comment_add.png in Resources */ = {isa = PBXBuildFile; fileRef = 5D977D1317E6814B002DA837 /* comment_add.png */; };
		5D977D1617E77A72002DA837 /* add_2.png in Resources */ = {isa = PBXBuildFile; fileRef = 5D977D1517E77A72002DA837 /* add_2.png */; };
		5D977D1817E77B5C002DA837 /* add_3.png in Resources */ = {isa = PBXBuildFile; fileRef = 5D977D1717E77B5C002DA837 /* add_3.png */; };
		5D977D1A17E77C9B002DA837 /* back.png in Resources */ = {isa = PBXBuildFile; fileRef = 5D977D1917E77C9B002DA837 /* back.png */; };
		5DA117FA17DA61F200BDE5D0 /* ChatNameViewController.m in Sources */ = {isa = PBXBuildFile; fileRef = 5DA117F817DA61F100BDE5D0 /* ChatNameViewController.m */; };
		5DA117FB17DA61F200BDE5D0 /* ChatNameViewController.xib in Resources */ = {isa = PBXBuildFile; fileRef = 5DA117F917DA61F200BDE5D0 /* ChatNameViewController.xib */; };
		5DA117FF17DA783400BDE5D0 /* ChatViewController.m in Sources */ = {isa = PBXBuildFile; fileRef = 5DA117FD17DA783400BDE5D0 /* ChatViewController.m */; };
		5DA1180017DA783400BDE5D0 /* ChatViewController.xib in Resources */ = {isa = PBXBuildFile; fileRef = 5DA117FE17DA783400BDE5D0 /* ChatViewController.xib */; };
		5DA1180317DAD02300BDE5D0 /* RKChat.m in Sources */ = {isa = PBXBuildFile; fileRef = 5DA1180217DAD02300BDE5D0 /* RKChat.m */; };
		5DC4F32217FD214500B2117D /* hamburger-150px.png in Resources */ = {isa = PBXBuildFile; fileRef = 5DC4F32117FD214500B2117D /* hamburger-150px.png */; };
		5DC4F32417FD28D100B2117D /* back-150px.png in Resources */ = {isa = PBXBuildFile; fileRef = 5DC4F32317FD28D100B2117D /* back-150px.png */; };
		5DC4F32917FD2AA400B2117D /* add-comment.png in Resources */ = {isa = PBXBuildFile; fileRef = 5DC4F32517FD2AA400B2117D /* add-comment.png */; };
		5DC4F32A17FD2AA400B2117D /* back-2-150px.png in Resources */ = {isa = PBXBuildFile; fileRef = 5DC4F32617FD2AA400B2117D /* back-2-150px.png */; };
		5DC4F32B17FD2AA400B2117D /* comment-1.png in Resources */ = {isa = PBXBuildFile; fileRef = 5DC4F32717FD2AA400B2117D /* comment-1.png */; };
		5DC4F32C17FD2AA400B2117D /* comment-2.png in Resources */ = {isa = PBXBuildFile; fileRef = 5DC4F32817FD2AA400B2117D /* comment-2.png */; };
		5DC4F3451800B99600B2117D /* J1Button.m in Sources */ = {isa = PBXBuildFile; fileRef = 5DC4F3441800B99600B2117D /* J1Button.m */; };
		5DC4F34B1801110700B2117D /* cog-black.png in Resources */ = {isa = PBXBuildFile; fileRef = 5DC4F3461801110700B2117D /* cog-black.png */; };
		5DC4F34C1801110700B2117D /* cog-blue.png in Resources */ = {isa = PBXBuildFile; fileRef = 5DC4F3471801110700B2117D /* cog-blue.png */; };
		5DC4F34D1801110700B2117D /* cog-green.png in Resources */ = {isa = PBXBuildFile; fileRef = 5DC4F3481801110700B2117D /* cog-green.png */; };
		5DC4F34E1801110700B2117D /* cog-purple.png in Resources */ = {isa = PBXBuildFile; fileRef = 5DC4F3491801110700B2117D /* cog-purple.png */; };
		5DC4F34F1801110700B2117D /* cog-red.png in Resources */ = {isa = PBXBuildFile; fileRef = 5DC4F34A1801110700B2117D /* cog-red.png */; };
		5DCD9D9317FCC73A0048504A /* NavigationController.m in Sources */ = {isa = PBXBuildFile; fileRef = 5DCD9D9217FCC73A0048504A /* NavigationController.m */; };
		5DE2531C17ACC2150069EC96 /* comment.png in Resources */ = {isa = PBXBuildFile; fileRef = 5DE2531B17ACC2150069EC96 /* comment.png */; };
		5DE2533317B130790069EC96 /* LetterCommentsViewController.m in Sources */ = {isa = PBXBuildFile; fileRef = 5DE2533117B130790069EC96 /* LetterCommentsViewController.m */; };
		5DE2533417B130790069EC96 /* LetterCommentsViewController.xib in Resources */ = {isa = PBXBuildFile; fileRef = 5DE2533217B130790069EC96 /* LetterCommentsViewController.xib */; };
		5DE2533817B132070069EC96 /* LettersScrollController.xib in Resources */ = {isa = PBXBuildFile; fileRef = 5DE2533517B132070069EC96 /* LettersScrollController.xib */; };
		5DE2533917B132070069EC96 /* LettersScrollController.m in Sources */ = {isa = PBXBuildFile; fileRef = 5DE2533717B132070069EC96 /* LettersScrollController.m */; };
		5DE2534117B301050069EC96 /* RKComment.m in Sources */ = {isa = PBXBuildFile; fileRef = 5DE2534017B301050069EC96 /* RKComment.m */; };
		5DE2534517B438D10069EC96 /* CommentScrollViewItem.m in Sources */ = {isa = PBXBuildFile; fileRef = 5DE2534317B438D00069EC96 /* CommentScrollViewItem.m */; };
		5DE2534617B438D10069EC96 /* CommentScrollViewItem.xib in Resources */ = {isa = PBXBuildFile; fileRef = 5DE2534417B438D10069EC96 /* CommentScrollViewItem.xib */; };
		5DE2534917B6D16F0069EC96 /* WCAlertView.m in Sources */ = {isa = PBXBuildFile; fileRef = 5DE2534817B6D16F0069EC96 /* WCAlertView.m */; };
		5DE2534C17BD92D80069EC96 /* RKLogin.m in Sources */ = {isa = PBXBuildFile; fileRef = 5DE2534B17BD92D70069EC96 /* RKLogin.m */; };
/* End PBXBuildFile section */

/* Begin PBXFileReference section */
		5D0BD0381670AAA30088A383 /* crushes.app */ = {isa = PBXFileReference; explicitFileType = wrapper.application; includeInIndex = 0; path = crushes.app; sourceTree = BUILT_PRODUCTS_DIR; };
		5D0BD03C1670AAA30088A383 /* UIKit.framework */ = {isa = PBXFileReference; lastKnownFileType = wrapper.framework; name = UIKit.framework; path = System/Library/Frameworks/UIKit.framework; sourceTree = SDKROOT; };
		5D0BD03E1670AAA30088A383 /* Foundation.framework */ = {isa = PBXFileReference; lastKnownFileType = wrapper.framework; name = Foundation.framework; path = System/Library/Frameworks/Foundation.framework; sourceTree = SDKROOT; };
		5D0BD0401670AAA30088A383 /* CoreGraphics.framework */ = {isa = PBXFileReference; lastKnownFileType = wrapper.framework; name = CoreGraphics.framework; path = System/Library/Frameworks/CoreGraphics.framework; sourceTree = SDKROOT; };
		5D0BD0441670AAA30088A383 /* crushes-Info.plist */ = {isa = PBXFileReference; lastKnownFileType = text.plist.xml; path = "crushes-Info.plist"; sourceTree = "<group>"; };
		5D0BD0461670AAA30088A383 /* en */ = {isa = PBXFileReference; lastKnownFileType = text.plist.strings; name = en; path = en.lproj/InfoPlist.strings; sourceTree = "<group>"; };
		5D0BD0481670AAA30088A383 /* main.m */ = {isa = PBXFileReference; lastKnownFileType = sourcecode.c.objc; path = main.m; sourceTree = "<group>"; };
		5D0BD04A1670AAA30088A383 /* crushes-Prefix.pch */ = {isa = PBXFileReference; lastKnownFileType = sourcecode.c.h; path = "crushes-Prefix.pch"; sourceTree = "<group>"; };
		5D0BD04B1670AAA30088A383 /* AppDelegate.h */ = {isa = PBXFileReference; lastKnownFileType = sourcecode.c.h; path = AppDelegate.h; sourceTree = "<group>"; };
		5D0BD04C1670AAA30088A383 /* AppDelegate.m */ = {isa = PBXFileReference; lastKnownFileType = sourcecode.c.objc; path = AppDelegate.m; sourceTree = "<group>"; };
		5D0BD0591670AADB0088A383 /* crushes.entitlements */ = {isa = PBXFileReference; lastKnownFileType = text.xml; path = crushes.entitlements; sourceTree = "<group>"; };
		5D0BD066167109990088A383 /* home.png */ = {isa = PBXFileReference; lastKnownFileType = image.png; path = home.png; sourceTree = "<group>"; };
		5D0BD068167109FD0088A383 /* heart.png */ = {isa = PBXFileReference; lastKnownFileType = image.png; path = heart.png; sourceTree = "<group>"; };
		5D0BD06A16710B920088A383 /* SendViewController.h */ = {isa = PBXFileReference; fileEncoding = 4; lastKnownFileType = sourcecode.c.h; path = SendViewController.h; sourceTree = "<group>"; };
		5D0BD06B16710B920088A383 /* SendViewController.m */ = {isa = PBXFileReference; fileEncoding = 4; lastKnownFileType = sourcecode.c.objc; path = SendViewController.m; sourceTree = "<group>"; };
		5D0BD06D16710BB70088A383 /* SendViewController.xib */ = {isa = PBXFileReference; fileEncoding = 4; lastKnownFileType = file.xib; path = SendViewController.xib; sourceTree = "<group>"; };
		5D0BD0731671117C0088A383 /* bookmark.png */ = {isa = PBXFileReference; lastKnownFileType = image.png; path = bookmark.png; sourceTree = "<group>"; };
		5D0BD076167117350088A383 /* pencil.png */ = {isa = PBXFileReference; lastKnownFileType = image.png; path = pencil.png; sourceTree = "<group>"; };
		5D0D7CF31804DC4200D661F3 /* Default.png */ = {isa = PBXFileReference; lastKnownFileType = image.png; path = Default.png; sourceTree = "<group>"; };
		5D0D7CF41804DC4200D661F3 /* Default~iphone.png */ = {isa = PBXFileReference; lastKnownFileType = image.png; path = "Default~iphone.png"; sourceTree = "<group>"; };
		5D0D7CF71804DD6400D661F3 /* Default-568h@2x.png */ = {isa = PBXFileReference; lastKnownFileType = image.png; path = "Default-568h@2x.png"; sourceTree = "<group>"; };
		5D0D7CF91804E07E00D661F3 /* Default~ipad.png */ = {isa = PBXFileReference; lastKnownFileType = image.png; path = "Default~ipad.png"; sourceTree = "<group>"; };
		5D36B9BE17E538C500955B1F /* cog.png */ = {isa = PBXFileReference; lastKnownFileType = image.png; path = cog.png; sourceTree = "<group>"; };
		5D36B9C017E54ED000955B1F /* cog_2.png */ = {isa = PBXFileReference; lastKnownFileType = image.png; path = cog_2.png; sourceTree = "<group>"; };
		5D458D7A17875C1000B71314 /* refresh.png */ = {isa = PBXFileReference; lastKnownFileType = image.png; path = refresh.png; sourceTree = "<group>"; };
		5D458D7C178B731500B71314 /* search.png */ = {isa = PBXFileReference; lastKnownFileType = image.png; path = search.png; sourceTree = "<group>"; };
		5D458D7E178B954000B71314 /* RKFullLetter.h */ = {isa = PBXFileReference; fileEncoding = 4; lastKnownFileType = sourcecode.c.h; path = RKFullLetter.h; sourceTree = "<group>"; };
		5D458D7F178B954000B71314 /* RKFullLetter.m */ = {isa = PBXFileReference; fileEncoding = 4; lastKnownFileType = sourcecode.c.objc; path = RKFullLetter.m; sourceTree = "<group>"; };
		5D458D8D178C7DC600B71314 /* RKEditLetter.h */ = {isa = PBXFileReference; fileEncoding = 4; lastKnownFileType = sourcecode.c.h; path = RKEditLetter.h; sourceTree = "<group>"; };
		5D458D8E178C7DC600B71314 /* RKEditLetter.m */ = {isa = PBXFileReference; fileEncoding = 4; lastKnownFileType = sourcecode.c.objc; path = RKEditLetter.m; sourceTree = "<group>"; };
		5D458D90178C86F800B71314 /* RKEditMessage.h */ = {isa = PBXFileReference; fileEncoding = 4; lastKnownFileType = sourcecode.c.h; path = RKEditMessage.h; sourceTree = "<group>"; };
		5D458D91178C86F800B71314 /* RKEditMessage.m */ = {isa = PBXFileReference; fileEncoding = 4; lastKnownFileType = sourcecode.c.objc; path = RKEditMessage.m; sourceTree = "<group>"; };
		5D528C9817C1207100AAB762 /* border.png */ = {isa = PBXFileReference; lastKnownFileType = image.png; path = border.png; sourceTree = "<group>"; };
		5D528C9A17C12FEF00AAB762 /* PagerViewController.h */ = {isa = PBXFileReference; fileEncoding = 4; lastKnownFileType = sourcecode.c.h; path = PagerViewController.h; sourceTree = "<group>"; };
		5D528C9B17C12FEF00AAB762 /* PagerViewController.m */ = {isa = PBXFileReference; fileEncoding = 4; lastKnownFileType = sourcecode.c.objc; path = PagerViewController.m; sourceTree = "<group>"; };
		5D528C9C17C12FEF00AAB762 /* PagerViewController.xib */ = {isa = PBXFileReference; fileEncoding = 4; lastKnownFileType = file.xib; path = PagerViewController.xib; sourceTree = "<group>"; };
		5D528C9F17C2B6AC00AAB762 /* RODSettings.h */ = {isa = PBXFileReference; fileEncoding = 4; lastKnownFileType = sourcecode.c.h; path = RODSettings.h; sourceTree = "<group>"; };
		5D528CA017C2B6AD00AAB762 /* RODSettings.m */ = {isa = PBXFileReference; fileEncoding = 4; lastKnownFileType = sourcecode.c.objc; path = RODSettings.m; sourceTree = "<group>"; };
		5D528CA517C3F69100AAB762 /* SearchViewController.h */ = {isa = PBXFileReference; fileEncoding = 4; lastKnownFileType = sourcecode.c.h; path = SearchViewController.h; sourceTree = "<group>"; };
		5D528CA617C3F69200AAB762 /* SearchViewController.m */ = {isa = PBXFileReference; fileEncoding = 4; lastKnownFileType = sourcecode.c.objc; path = SearchViewController.m; sourceTree = "<group>"; };
		5D528CA717C3F69200AAB762 /* SearchViewController.xib */ = {isa = PBXFileReference; fileEncoding = 4; lastKnownFileType = file.xib; path = SearchViewController.xib; sourceTree = "<group>"; };
		5D528CAA17C3FEBC00AAB762 /* RODSentLetter.h */ = {isa = PBXFileReference; fileEncoding = 4; lastKnownFileType = sourcecode.c.h; path = RODSentLetter.h; sourceTree = "<group>"; };
		5D528CAB17C3FEBD00AAB762 /* RODSentLetter.m */ = {isa = PBXFileReference; fileEncoding = 4; lastKnownFileType = sourcecode.c.objc; path = RODSentLetter.m; sourceTree = "<group>"; };
		5D528CB117C6C57C00AAB762 /* J1-blue-highlighted.png */ = {isa = PBXFileReference; lastKnownFileType = image.png; path = "J1-blue-highlighted.png"; sourceTree = "<group>"; };
		5D528CB217C6C57C00AAB762 /* J1-blue-highlighted@2x.png */ = {isa = PBXFileReference; lastKnownFileType = image.png; path = "J1-blue-highlighted@2x.png"; sourceTree = "<group>"; };
		5D528CB317C6C57C00AAB762 /* J1-blue-normal.png */ = {isa = PBXFileReference; lastKnownFileType = image.png; path = "J1-blue-normal.png"; sourceTree = "<group>"; };
		5D528CB417C6C57C00AAB762 /* J1-blue-normal@2x.png */ = {isa = PBXFileReference; lastKnownFileType = image.png; path = "J1-blue-normal@2x.png"; sourceTree = "<group>"; };
		5D528CB517C6C57C00AAB762 /* J1-blue-selected.png */ = {isa = PBXFileReference; lastKnownFileType = image.png; path = "J1-blue-selected.png"; sourceTree = "<group>"; };
		5D528CB617C6C57C00AAB762 /* J1-blue-selected@2x.png */ = {isa = PBXFileReference; lastKnownFileType = image.png; path = "J1-blue-selected@2x.png"; sourceTree = "<group>"; };
		5D528CB717C6C57C00AAB762 /* J1-blue-small-highlighted.png */ = {isa = PBXFileReference; lastKnownFileType = image.png; path = "J1-blue-small-highlighted.png"; sourceTree = "<group>"; };
		5D528CB817C6C57C00AAB762 /* J1-blue-small-highlighted@2x.png */ = {isa = PBXFileReference; lastKnownFileType = image.png; path = "J1-blue-small-highlighted@2x.png"; sourceTree = "<group>"; };
		5D528CB917C6C57C00AAB762 /* J1-blue-small-normal.png */ = {isa = PBXFileReference; lastKnownFileType = image.png; path = "J1-blue-small-normal.png"; sourceTree = "<group>"; };
		5D528CBA17C6C57C00AAB762 /* J1-blue-small-normal@2x.png */ = {isa = PBXFileReference; lastKnownFileType = image.png; path = "J1-blue-small-normal@2x.png"; sourceTree = "<group>"; };
		5D528CBB17C6C57C00AAB762 /* J1-blue-small-selected.png */ = {isa = PBXFileReference; lastKnownFileType = image.png; path = "J1-blue-small-selected.png"; sourceTree = "<group>"; };
		5D528CBC17C6C57C00AAB762 /* J1-blue-small-selected@2x.png */ = {isa = PBXFileReference; lastKnownFileType = image.png; path = "J1-blue-small-selected@2x.png"; sourceTree = "<group>"; };
		5D528CBD17C6C57C00AAB762 /* J1-gray-disabled.png */ = {isa = PBXFileReference; lastKnownFileType = image.png; path = "J1-gray-disabled.png"; sourceTree = "<group>"; };
		5D528CBE17C6C57C00AAB762 /* J1-gray-disabled@2x.png */ = {isa = PBXFileReference; lastKnownFileType = image.png; path = "J1-gray-disabled@2x.png"; sourceTree = "<group>"; };
		5D528CBF17C6C57C00AAB762 /* J1-gray-highlighted.png */ = {isa = PBXFileReference; lastKnownFileType = image.png; path = "J1-gray-highlighted.png"; sourceTree = "<group>"; };
		5D528CC017C6C57C00AAB762 /* J1-gray-highlighted@2x.png */ = {isa = PBXFileReference; lastKnownFileType = image.png; path = "J1-gray-highlighted@2x.png"; sourceTree = "<group>"; };
		5D528CC117C6C57C00AAB762 /* J1-gray-normal.png */ = {isa = PBXFileReference; lastKnownFileType = image.png; path = "J1-gray-normal.png"; sourceTree = "<group>"; };
		5D528CC217C6C57C00AAB762 /* J1-gray-normal@2x.png */ = {isa = PBXFileReference; lastKnownFileType = image.png; path = "J1-gray-normal@2x.png"; sourceTree = "<group>"; };
		5D528CC317C6C57C00AAB762 /* J1-gray-selected.png */ = {isa = PBXFileReference; lastKnownFileType = image.png; path = "J1-gray-selected.png"; sourceTree = "<group>"; };
		5D528CC417C6C57C00AAB762 /* J1-gray-selected@2x.png */ = {isa = PBXFileReference; lastKnownFileType = image.png; path = "J1-gray-selected@2x.png"; sourceTree = "<group>"; };
		5D528CC517C6C57C00AAB762 /* J1-gray-small-disabled.png */ = {isa = PBXFileReference; lastKnownFileType = image.png; path = "J1-gray-small-disabled.png"; sourceTree = "<group>"; };
		5D528CC617C6C57C00AAB762 /* J1-gray-small-disabled@2x.png */ = {isa = PBXFileReference; lastKnownFileType = image.png; path = "J1-gray-small-disabled@2x.png"; sourceTree = "<group>"; };
		5D528CC717C6C57C00AAB762 /* J1-gray-small-highlighted.png */ = {isa = PBXFileReference; lastKnownFileType = image.png; path = "J1-gray-small-highlighted.png"; sourceTree = "<group>"; };
		5D528CC817C6C57C00AAB762 /* J1-gray-small-highlighted@2x.png */ = {isa = PBXFileReference; lastKnownFileType = image.png; path = "J1-gray-small-highlighted@2x.png"; sourceTree = "<group>"; };
		5D528CC917C6C57C00AAB762 /* J1-gray-small-normal.png */ = {isa = PBXFileReference; lastKnownFileType = image.png; path = "J1-gray-small-normal.png"; sourceTree = "<group>"; };
		5D528CCA17C6C57C00AAB762 /* J1-gray-small-normal@2x.png */ = {isa = PBXFileReference; lastKnownFileType = image.png; path = "J1-gray-small-normal@2x.png"; sourceTree = "<group>"; };
		5D528CCB17C6C57C00AAB762 /* J1-gray-small-selected.png */ = {isa = PBXFileReference; lastKnownFileType = image.png; path = "J1-gray-small-selected.png"; sourceTree = "<group>"; };
		5D528CCC17C6C57C00AAB762 /* J1-gray-small-selected@2x.png */ = {isa = PBXFileReference; lastKnownFileType = image.png; path = "J1-gray-small-selected@2x.png"; sourceTree = "<group>"; };
		5D528CCD17C6C57C00AAB762 /* J1-grayOnBlack-disabled.png */ = {isa = PBXFileReference; lastKnownFileType = image.png; path = "J1-grayOnBlack-disabled.png"; sourceTree = "<group>"; };
		5D528CCE17C6C57C00AAB762 /* J1-grayOnBlack-disabled@2x.png */ = {isa = PBXFileReference; lastKnownFileType = image.png; path = "J1-grayOnBlack-disabled@2x.png"; sourceTree = "<group>"; };
		5D528CCF17C6C57C00AAB762 /* J1-grayOnBlack-highlighted.png */ = {isa = PBXFileReference; lastKnownFileType = image.png; path = "J1-grayOnBlack-highlighted.png"; sourceTree = "<group>"; };
		5D528CD017C6C57C00AAB762 /* J1-grayOnBlack-highlighted@2x.png */ = {isa = PBXFileReference; lastKnownFileType = image.png; path = "J1-grayOnBlack-highlighted@2x.png"; sourceTree = "<group>"; };
		5D528CD117C6C57C00AAB762 /* J1-grayOnBlack-normal.png */ = {isa = PBXFileReference; lastKnownFileType = image.png; path = "J1-grayOnBlack-normal.png"; sourceTree = "<group>"; };
		5D528CD217C6C57C00AAB762 /* J1-grayOnBlack-normal@2x.png */ = {isa = PBXFileReference; lastKnownFileType = image.png; path = "J1-grayOnBlack-normal@2x.png"; sourceTree = "<group>"; };
		5D528CD317C6C57C00AAB762 /* J1-grayOnBlack-selected.png */ = {isa = PBXFileReference; lastKnownFileType = image.png; path = "J1-grayOnBlack-selected.png"; sourceTree = "<group>"; };
		5D528CD417C6C57C00AAB762 /* J1-grayOnBlack-selected@2x.png */ = {isa = PBXFileReference; lastKnownFileType = image.png; path = "J1-grayOnBlack-selected@2x.png"; sourceTree = "<group>"; };
		5D528CD517C6C57C00AAB762 /* J1-grayOnBlack-small-disabled.png */ = {isa = PBXFileReference; lastKnownFileType = image.png; path = "J1-grayOnBlack-small-disabled.png"; sourceTree = "<group>"; };
		5D528CD617C6C57C00AAB762 /* J1-grayOnBlack-small-disabled@2x.png */ = {isa = PBXFileReference; lastKnownFileType = image.png; path = "J1-grayOnBlack-small-disabled@2x.png"; sourceTree = "<group>"; };
		5D528CD717C6C57C00AAB762 /* J1-grayOnBlack-small-highlighted.png */ = {isa = PBXFileReference; lastKnownFileType = image.png; path = "J1-grayOnBlack-small-highlighted.png"; sourceTree = "<group>"; };
		5D528CD817C6C57C00AAB762 /* J1-grayOnBlack-small-highlighted@2x.png */ = {isa = PBXFileReference; lastKnownFileType = image.png; path = "J1-grayOnBlack-small-highlighted@2x.png"; sourceTree = "<group>"; };
		5D528CD917C6C57C00AAB762 /* J1-grayOnBlack-small-normal.png */ = {isa = PBXFileReference; lastKnownFileType = image.png; path = "J1-grayOnBlack-small-normal.png"; sourceTree = "<group>"; };
		5D528CDA17C6C57C00AAB762 /* J1-grayOnBlack-small-normal@2x.png */ = {isa = PBXFileReference; lastKnownFileType = image.png; path = "J1-grayOnBlack-small-normal@2x.png"; sourceTree = "<group>"; };
		5D528CDB17C6C57C00AAB762 /* J1-grayOnBlack-small-selected.png */ = {isa = PBXFileReference; lastKnownFileType = image.png; path = "J1-grayOnBlack-small-selected.png"; sourceTree = "<group>"; };
		5D528CDC17C6C57C00AAB762 /* J1-grayOnBlack-small-selected@2x.png */ = {isa = PBXFileReference; lastKnownFileType = image.png; path = "J1-grayOnBlack-small-selected@2x.png"; sourceTree = "<group>"; };
		5D528CDD17C6C57C00AAB762 /* J1-green-highlighted.png */ = {isa = PBXFileReference; lastKnownFileType = image.png; path = "J1-green-highlighted.png"; sourceTree = "<group>"; };
		5D528CDE17C6C57C00AAB762 /* J1-green-highlighted@2x.png */ = {isa = PBXFileReference; lastKnownFileType = image.png; path = "J1-green-highlighted@2x.png"; sourceTree = "<group>"; };
		5D528CDF17C6C57C00AAB762 /* J1-green-normal.png */ = {isa = PBXFileReference; lastKnownFileType = image.png; path = "J1-green-normal.png"; sourceTree = "<group>"; };
		5D528CE017C6C57C00AAB762 /* J1-green-normal@2x.png */ = {isa = PBXFileReference; lastKnownFileType = image.png; path = "J1-green-normal@2x.png"; sourceTree = "<group>"; };
		5D528CE117C6C57C00AAB762 /* J1-green-selected.png */ = {isa = PBXFileReference; lastKnownFileType = image.png; path = "J1-green-selected.png"; sourceTree = "<group>"; };
		5D528CE217C6C57C00AAB762 /* J1-green-selected@2x.png */ = {isa = PBXFileReference; lastKnownFileType = image.png; path = "J1-green-selected@2x.png"; sourceTree = "<group>"; };
		5D528CE317C6C57C00AAB762 /* J1-green-small-highlighted.png */ = {isa = PBXFileReference; lastKnownFileType = image.png; path = "J1-green-small-highlighted.png"; sourceTree = "<group>"; };
		5D528CE417C6C57C00AAB762 /* J1-green-small-highlighted@2x.png */ = {isa = PBXFileReference; lastKnownFileType = image.png; path = "J1-green-small-highlighted@2x.png"; sourceTree = "<group>"; };
		5D528CE517C6C57C00AAB762 /* J1-green-small-normal.png */ = {isa = PBXFileReference; lastKnownFileType = image.png; path = "J1-green-small-normal.png"; sourceTree = "<group>"; };
		5D528CE617C6C57C00AAB762 /* J1-green-small-normal@2x.png */ = {isa = PBXFileReference; lastKnownFileType = image.png; path = "J1-green-small-normal@2x.png"; sourceTree = "<group>"; };
		5D528CE717C6C57C00AAB762 /* J1-green-small-selected.png */ = {isa = PBXFileReference; lastKnownFileType = image.png; path = "J1-green-small-selected.png"; sourceTree = "<group>"; };
		5D528CE817C6C57C00AAB762 /* J1-green-small-selected@2x.png */ = {isa = PBXFileReference; lastKnownFileType = image.png; path = "J1-green-small-selected@2x.png"; sourceTree = "<group>"; };
		5D528CE917C6C57C00AAB762 /* J1-red-highlighted.png */ = {isa = PBXFileReference; lastKnownFileType = image.png; path = "J1-red-highlighted.png"; sourceTree = "<group>"; };
		5D528CEA17C6C57C00AAB762 /* J1-red-highlighted@2x.png */ = {isa = PBXFileReference; lastKnownFileType = image.png; path = "J1-red-highlighted@2x.png"; sourceTree = "<group>"; };
		5D528CEB17C6C57C00AAB762 /* J1-red-normal.png */ = {isa = PBXFileReference; lastKnownFileType = image.png; path = "J1-red-normal.png"; sourceTree = "<group>"; };
		5D528CEC17C6C57C00AAB762 /* J1-red-normal@2x.png */ = {isa = PBXFileReference; lastKnownFileType = image.png; path = "J1-red-normal@2x.png"; sourceTree = "<group>"; };
		5D528CED17C6C57C00AAB762 /* J1-red-selected.png */ = {isa = PBXFileReference; lastKnownFileType = image.png; path = "J1-red-selected.png"; sourceTree = "<group>"; };
		5D528CEE17C6C57C00AAB762 /* J1-red-selected@2x.png */ = {isa = PBXFileReference; lastKnownFileType = image.png; path = "J1-red-selected@2x.png"; sourceTree = "<group>"; };
		5D528CEF17C6C57C00AAB762 /* J1-red-small-highlighted.png */ = {isa = PBXFileReference; lastKnownFileType = image.png; path = "J1-red-small-highlighted.png"; sourceTree = "<group>"; };
		5D528CF017C6C57C00AAB762 /* J1-red-small-highlighted@2x.png */ = {isa = PBXFileReference; lastKnownFileType = image.png; path = "J1-red-small-highlighted@2x.png"; sourceTree = "<group>"; };
		5D528CF117C6C57C00AAB762 /* J1-red-small-normal.png */ = {isa = PBXFileReference; lastKnownFileType = image.png; path = "J1-red-small-normal.png"; sourceTree = "<group>"; };
		5D528CF217C6C57C00AAB762 /* J1-red-small-normal@2x.png */ = {isa = PBXFileReference; lastKnownFileType = image.png; path = "J1-red-small-normal@2x.png"; sourceTree = "<group>"; };
		5D528CF317C6C57C00AAB762 /* J1-red-small-selected.png */ = {isa = PBXFileReference; lastKnownFileType = image.png; path = "J1-red-small-selected.png"; sourceTree = "<group>"; };
		5D528CF417C6C57C00AAB762 /* J1-red-small-selected@2x.png */ = {isa = PBXFileReference; lastKnownFileType = image.png; path = "J1-red-small-selected@2x.png"; sourceTree = "<group>"; };
		5D528D3917C6CA3B00AAB762 /* heart-15px.png */ = {isa = PBXFileReference; lastKnownFileType = image.png; path = "heart-15px.png"; sourceTree = "<group>"; };
		5D6F64C81804F21A00C26BF7 /* b-v02-768x1024.png */ = {isa = PBXFileReference; lastKnownFileType = image.png; path = "b-v02-768x1024.png"; sourceTree = "<group>"; };
		5D6F64C91804F21A00C26BF7 /* b-v02-1024x768.png */ = {isa = PBXFileReference; lastKnownFileType = image.png; path = "b-v02-1024x768.png"; sourceTree = "<group>"; };
		5D6F64CA1804F21A00C26BF7 /* b-v02-1536x2048.png */ = {isa = PBXFileReference; lastKnownFileType = image.png; path = "b-v02-1536x2048.png"; sourceTree = "<group>"; };
		5D6F64CB1804F21A00C26BF7 /* b-v02-2048x1536.png */ = {isa = PBXFileReference; lastKnownFileType = image.png; path = "b-v02-2048x1536.png"; sourceTree = "<group>"; };
		5D7609AB179CDD660018F27B /* MenuViewController.h */ = {isa = PBXFileReference; fileEncoding = 4; lastKnownFileType = sourcecode.c.h; path = MenuViewController.h; sourceTree = "<group>"; };
		5D7609AC179CDD660018F27B /* MenuViewController.m */ = {isa = PBXFileReference; fileEncoding = 4; lastKnownFileType = sourcecode.c.objc; path = MenuViewController.m; sourceTree = "<group>"; };
		5D7609B0179DBDF00018F27B /* RODItem.h */ = {isa = PBXFileReference; fileEncoding = 4; lastKnownFileType = sourcecode.c.h; path = RODItem.h; sourceTree = "<group>"; };
		5D7609B1179DBDF00018F27B /* RODItem.m */ = {isa = PBXFileReference; fileEncoding = 4; lastKnownFileType = sourcecode.c.objc; path = RODItem.m; sourceTree = "<group>"; };
		5D7609B3179DCE100018F27B /* RODItemStore.h */ = {isa = PBXFileReference; fileEncoding = 4; lastKnownFileType = sourcecode.c.h; path = RODItemStore.h; sourceTree = "<group>"; };
		5D7609B4179DCE100018F27B /* RODItemStore.m */ = {isa = PBXFileReference; fileEncoding = 4; lastKnownFileType = sourcecode.c.objc; path = RODItemStore.m; sourceTree = "<group>"; };
		5D7609C5179F0C580018F27B /* LoginView.xib */ = {isa = PBXFileReference; fileEncoding = 4; lastKnownFileType = file.xib; path = LoginView.xib; sourceTree = "<group>"; };
		5D7609D317A058890018F27B /* ScrollViewItem.h */ = {isa = PBXFileReference; fileEncoding = 4; lastKnownFileType = sourcecode.c.h; path = ScrollViewItem.h; sourceTree = "<group>"; };
		5D7609D417A058890018F27B /* ScrollViewItem.m */ = {isa = PBXFileReference; fileEncoding = 4; lastKnownFileType = sourcecode.c.objc; path = ScrollViewItem.m; sourceTree = "<group>"; };
		5D7609D517A0588A0018F27B /* ScrollViewItem.xib */ = {isa = PBXFileReference; fileEncoding = 4; lastKnownFileType = file.xib; path = ScrollViewItem.xib; sourceTree = "<group>"; };
		5D770C6B180872640061D243 /* SignupViewController.h */ = {isa = PBXFileReference; fileEncoding = 4; lastKnownFileType = sourcecode.c.h; path = SignupViewController.h; sourceTree = "<group>"; };
		5D770C6C180872640061D243 /* SignupViewController.m */ = {isa = PBXFileReference; fileEncoding = 4; lastKnownFileType = sourcecode.c.objc; path = SignupViewController.m; sourceTree = "<group>"; };
		5D770C6D180872640061D243 /* SignupViewController.xib */ = {isa = PBXFileReference; fileEncoding = 4; lastKnownFileType = file.xib; path = SignupViewController.xib; sourceTree = "<group>"; };
		5D770C701808FE3F0061D243 /* Images.xcassets */ = {isa = PBXFileReference; lastKnownFileType = folder.assetcatalog; path = Images.xcassets; sourceTree = "<group>"; };
		5D7ABC831804EB57007D253D /* Default-Portrait@2x~ipad.png */ = {isa = PBXFileReference; lastKnownFileType = image.png; path = "Default-Portrait@2x~ipad.png"; sourceTree = "<group>"; };
		5D7ABC851804EB6E007D253D /* Default-Landscape~ipad.png */ = {isa = PBXFileReference; lastKnownFileType = image.png; path = "Default-Landscape~ipad.png"; sourceTree = "<group>"; };
		5D7ABC871804EB82007D253D /* Default-Landscape@2x~ipad.png */ = {isa = PBXFileReference; lastKnownFileType = image.png; path = "Default-Landscape@2x~ipad.png"; sourceTree = "<group>"; };
		5D7F30391780DCE8009F0AC6 /* RKLetter.h */ = {isa = PBXFileReference; fileEncoding = 4; lastKnownFileType = sourcecode.c.h; path = RKLetter.h; sourceTree = "<group>"; };
		5D7F303A1780DCE8009F0AC6 /* RKLetter.m */ = {isa = PBXFileReference; fileEncoding = 4; lastKnownFileType = sourcecode.c.objc; path = RKLetter.m; sourceTree = "<group>"; };
		5D7F303C17810B3A009F0AC6 /* RKMessage.h */ = {isa = PBXFileReference; fileEncoding = 4; lastKnownFileType = sourcecode.c.h; path = RKMessage.h; sourceTree = "<group>"; };
		5D7F303D17810B3B009F0AC6 /* RKMessage.m */ = {isa = PBXFileReference; fileEncoding = 4; lastKnownFileType = sourcecode.c.objc; path = RKMessage.m; sourceTree = "<group>"; };
		5D7F303F17820161009F0AC6 /* envelope.png */ = {isa = PBXFileReference; lastKnownFileType = image.png; path = envelope.png; sourceTree = "<group>"; };
		5D7F30411782019E009F0AC6 /* medical.png */ = {isa = PBXFileReference; lastKnownFileType = image.png; path = medical.png; sourceTree = "<group>"; };
		5D7F30491784C3E5009F0AC6 /* ios-app-icon-114x114.png */ = {isa = PBXFileReference; lastKnownFileType = image.png; name = "ios-app-icon-114x114.png"; path = "../ios-app-icon-114x114.png"; sourceTree = "<group>"; };
		5D7F304B1784C3E9009F0AC6 /* ios-app-icon-57x57.png */ = {isa = PBXFileReference; lastKnownFileType = image.png; name = "ios-app-icon-57x57.png"; path = "../ios-app-icon-57x57.png"; sourceTree = "<group>"; };
		5D7F30531784CA28009F0AC6 /* ios-app-icon-72x72.png */ = {isa = PBXFileReference; lastKnownFileType = image.png; name = "ios-app-icon-72x72.png"; path = "../ios-app-icon-72x72.png"; sourceTree = "<group>"; };
		5D7F30551784CA3D009F0AC6 /* ios-app-icon-144x144.png */ = {isa = PBXFileReference; lastKnownFileType = image.png; name = "ios-app-icon-144x144.png"; path = "../ios-app-icon-144x144.png"; sourceTree = "<group>"; };
		5D977D0117E61B99002DA837 /* AddCommentViewController.h */ = {isa = PBXFileReference; fileEncoding = 4; lastKnownFileType = sourcecode.c.h; path = AddCommentViewController.h; sourceTree = "<group>"; };
		5D977D0217E61B99002DA837 /* AddCommentViewController.m */ = {isa = PBXFileReference; fileEncoding = 4; lastKnownFileType = sourcecode.c.objc; path = AddCommentViewController.m; sourceTree = "<group>"; };
		5D977D0317E61B99002DA837 /* AddCommentViewController.xib */ = {isa = PBXFileReference; fileEncoding = 4; lastKnownFileType = file.xib; path = AddCommentViewController.xib; sourceTree = "<group>"; };
		5D977D0617E66146002DA837 /* RKPostComment.h */ = {isa = PBXFileReference; fileEncoding = 4; lastKnownFileType = sourcecode.c.h; path = RKPostComment.h; sourceTree = "<group>"; };
		5D977D0717E66147002DA837 /* RKPostComment.m */ = {isa = PBXFileReference; fileEncoding = 4; lastKnownFileType = sourcecode.c.objc; path = RKPostComment.m; sourceTree = "<group>"; };
		5D977D1117E68125002DA837 /* add.png */ = {isa = PBXFileReference; lastKnownFileType = image.png; path = add.png; sourceTree = "<group>"; };
		5D977D1317E6814B002DA837 /* comment_add.png */ = {isa = PBXFileReference; lastKnownFileType = image.png; path = comment_add.png; sourceTree = "<group>"; };
		5D977D1517E77A72002DA837 /* add_2.png */ = {isa = PBXFileReference; lastKnownFileType = image.png; path = add_2.png; sourceTree = "<group>"; };
		5D977D1717E77B5C002DA837 /* add_3.png */ = {isa = PBXFileReference; lastKnownFileType = image.png; path = add_3.png; sourceTree = "<group>"; };
		5D977D1917E77C9B002DA837 /* back.png */ = {isa = PBXFileReference; lastKnownFileType = image.png; path = back.png; sourceTree = "<group>"; };
		5DA117F717DA61F100BDE5D0 /* ChatNameViewController.h */ = {isa = PBXFileReference; fileEncoding = 4; lastKnownFileType = sourcecode.c.h; path = ChatNameViewController.h; sourceTree = "<group>"; };
		5DA117F817DA61F100BDE5D0 /* ChatNameViewController.m */ = {isa = PBXFileReference; fileEncoding = 4; lastKnownFileType = sourcecode.c.objc; path = ChatNameViewController.m; sourceTree = "<group>"; };
		5DA117F917DA61F200BDE5D0 /* ChatNameViewController.xib */ = {isa = PBXFileReference; fileEncoding = 4; lastKnownFileType = file.xib; path = ChatNameViewController.xib; sourceTree = "<group>"; };
		5DA117FC17DA783400BDE5D0 /* ChatViewController.h */ = {isa = PBXFileReference; fileEncoding = 4; lastKnownFileType = sourcecode.c.h; path = ChatViewController.h; sourceTree = "<group>"; };
		5DA117FD17DA783400BDE5D0 /* ChatViewController.m */ = {isa = PBXFileReference; fileEncoding = 4; lastKnownFileType = sourcecode.c.objc; path = ChatViewController.m; sourceTree = "<group>"; };
		5DA117FE17DA783400BDE5D0 /* ChatViewController.xib */ = {isa = PBXFileReference; fileEncoding = 4; lastKnownFileType = file.xib; path = ChatViewController.xib; sourceTree = "<group>"; };
		5DA1180117DAD02300BDE5D0 /* RKChat.h */ = {isa = PBXFileReference; fileEncoding = 4; lastKnownFileType = sourcecode.c.h; path = RKChat.h; sourceTree = "<group>"; };
		5DA1180217DAD02300BDE5D0 /* RKChat.m */ = {isa = PBXFileReference; fileEncoding = 4; lastKnownFileType = sourcecode.c.objc; path = RKChat.m; sourceTree = "<group>"; };
		5DC4F32117FD214500B2117D /* hamburger-150px.png */ = {isa = PBXFileReference; lastKnownFileType = image.png; path = "hamburger-150px.png"; sourceTree = "<group>"; };
		5DC4F32317FD28D100B2117D /* back-150px.png */ = {isa = PBXFileReference; lastKnownFileType = image.png; path = "back-150px.png"; sourceTree = "<group>"; };
		5DC4F32517FD2AA400B2117D /* add-comment.png */ = {isa = PBXFileReference; lastKnownFileType = image.png; path = "add-comment.png"; sourceTree = "<group>"; };
		5DC4F32617FD2AA400B2117D /* back-2-150px.png */ = {isa = PBXFileReference; lastKnownFileType = image.png; path = "back-2-150px.png"; sourceTree = "<group>"; };
		5DC4F32717FD2AA400B2117D /* comment-1.png */ = {isa = PBXFileReference; lastKnownFileType = image.png; path = "comment-1.png"; sourceTree = "<group>"; };
		5DC4F32817FD2AA400B2117D /* comment-2.png */ = {isa = PBXFileReference; lastKnownFileType = image.png; path = "comment-2.png"; sourceTree = "<group>"; };
		5DC4F3431800B99600B2117D /* J1Button.h */ = {isa = PBXFileReference; fileEncoding = 4; lastKnownFileType = sourcecode.c.h; path = J1Button.h; sourceTree = "<group>"; };
		5DC4F3441800B99600B2117D /* J1Button.m */ = {isa = PBXFileReference; fileEncoding = 4; lastKnownFileType = sourcecode.c.objc; path = J1Button.m; sourceTree = "<group>"; };
		5DC4F3461801110700B2117D /* cog-black.png */ = {isa = PBXFileReference; lastKnownFileType = image.png; path = "cog-black.png"; sourceTree = "<group>"; };
		5DC4F3471801110700B2117D /* cog-blue.png */ = {isa = PBXFileReference; lastKnownFileType = image.png; path = "cog-blue.png"; sourceTree = "<group>"; };
		5DC4F3481801110700B2117D /* cog-green.png */ = {isa = PBXFileReference; lastKnownFileType = image.png; path = "cog-green.png"; sourceTree = "<group>"; };
		5DC4F3491801110700B2117D /* cog-purple.png */ = {isa = PBXFileReference; lastKnownFileType = image.png; path = "cog-purple.png"; sourceTree = "<group>"; };
		5DC4F34A1801110700B2117D /* cog-red.png */ = {isa = PBXFileReference; lastKnownFileType = image.png; path = "cog-red.png"; sourceTree = "<group>"; };
		5DCD9D9117FCC73A0048504A /* NavigationController.h */ = {isa = PBXFileReference; fileEncoding = 4; lastKnownFileType = sourcecode.c.h; path = NavigationController.h; sourceTree = "<group>"; };
		5DCD9D9217FCC73A0048504A /* NavigationController.m */ = {isa = PBXFileReference; fileEncoding = 4; lastKnownFileType = sourcecode.c.objc; path = NavigationController.m; sourceTree = "<group>"; };
		5DE2531B17ACC2150069EC96 /* comment.png */ = {isa = PBXFileReference; lastKnownFileType = image.png; path = comment.png; sourceTree = "<group>"; };
		5DE2533017B130790069EC96 /* LetterCommentsViewController.h */ = {isa = PBXFileReference; fileEncoding = 4; lastKnownFileType = sourcecode.c.h; path = LetterCommentsViewController.h; sourceTree = "<group>"; };
		5DE2533117B130790069EC96 /* LetterCommentsViewController.m */ = {isa = PBXFileReference; fileEncoding = 4; lastKnownFileType = sourcecode.c.objc; path = LetterCommentsViewController.m; sourceTree = "<group>"; };
		5DE2533217B130790069EC96 /* LetterCommentsViewController.xib */ = {isa = PBXFileReference; fileEncoding = 4; lastKnownFileType = file.xib; path = LetterCommentsViewController.xib; sourceTree = "<group>"; };
		5DE2533517B132070069EC96 /* LettersScrollController.xib */ = {isa = PBXFileReference; fileEncoding = 4; lastKnownFileType = file.xib; path = LettersScrollController.xib; sourceTree = "<group>"; };
		5DE2533617B132070069EC96 /* LettersScrollController.h */ = {isa = PBXFileReference; fileEncoding = 4; lastKnownFileType = sourcecode.c.h; path = LettersScrollController.h; sourceTree = "<group>"; };
		5DE2533717B132070069EC96 /* LettersScrollController.m */ = {isa = PBXFileReference; fileEncoding = 4; lastKnownFileType = sourcecode.c.objc; path = LettersScrollController.m; sourceTree = "<group>"; };
		5DE2533F17B301050069EC96 /* RKComment.h */ = {isa = PBXFileReference; fileEncoding = 4; lastKnownFileType = sourcecode.c.h; path = RKComment.h; sourceTree = "<group>"; };
		5DE2534017B301050069EC96 /* RKComment.m */ = {isa = PBXFileReference; fileEncoding = 4; lastKnownFileType = sourcecode.c.objc; path = RKComment.m; sourceTree = "<group>"; };
		5DE2534217B438D00069EC96 /* CommentScrollViewItem.h */ = {isa = PBXFileReference; fileEncoding = 4; lastKnownFileType = sourcecode.c.h; path = CommentScrollViewItem.h; sourceTree = "<group>"; };
		5DE2534317B438D00069EC96 /* CommentScrollViewItem.m */ = {isa = PBXFileReference; fileEncoding = 4; lastKnownFileType = sourcecode.c.objc; path = CommentScrollViewItem.m; sourceTree = "<group>"; };
		5DE2534417B438D10069EC96 /* CommentScrollViewItem.xib */ = {isa = PBXFileReference; fileEncoding = 4; lastKnownFileType = file.xib; path = CommentScrollViewItem.xib; sourceTree = "<group>"; };
		5DE2534717B6D16F0069EC96 /* WCAlertView.h */ = {isa = PBXFileReference; fileEncoding = 4; lastKnownFileType = sourcecode.c.h; path = WCAlertView.h; sourceTree = "<group>"; };
		5DE2534817B6D16F0069EC96 /* WCAlertView.m */ = {isa = PBXFileReference; fileEncoding = 4; lastKnownFileType = sourcecode.c.objc; path = WCAlertView.m; sourceTree = "<group>"; };
		5DE2534A17BD92D60069EC96 /* RKLogin.h */ = {isa = PBXFileReference; fileEncoding = 4; lastKnownFileType = sourcecode.c.h; path = RKLogin.h; sourceTree = "<group>"; };
		5DE2534B17BD92D70069EC96 /* RKLogin.m */ = {isa = PBXFileReference; fileEncoding = 4; lastKnownFileType = sourcecode.c.objc; path = RKLogin.m; sourceTree = "<group>"; };
		6C6818BD3B3146F19D555AC7 /* libPods.a */ = {isa = PBXFileReference; explicitFileType = archive.ar; includeInIndex = 0; path = libPods.a; sourceTree = BUILT_PRODUCTS_DIR; };
		E241FCEAA9F14664A45919BA /* Pods.xcconfig */ = {isa = PBXFileReference; includeInIndex = 1; lastKnownFileType = text.xcconfig; name = Pods.xcconfig; path = Pods/Pods.xcconfig; sourceTree = SOURCE_ROOT; };
/* End PBXFileReference section */

/* Begin PBXFrameworksBuildPhase section */
		5D0BD0351670AAA30088A383 /* Frameworks */ = {
			isa = PBXFrameworksBuildPhase;
			buildActionMask = 2147483647;
			files = (
				5D0BD03D1670AAA30088A383 /* UIKit.framework in Frameworks */,
				5D0BD03F1670AAA30088A383 /* Foundation.framework in Frameworks */,
				5D0BD0411670AAA30088A383 /* CoreGraphics.framework in Frameworks */,
				20301876327F424892049AFA /* libPods.a in Frameworks */,
			);
			runOnlyForDeploymentPostprocessing = 0;
		};
/* End PBXFrameworksBuildPhase section */

/* Begin PBXGroup section */
		5D0BD02D1670AAA30088A383 = {
			isa = PBXGroup;
			children = (
				5D0BD0421670AAA30088A383 /* crushes */,
				5D0BD03B1670AAA30088A383 /* Frameworks */,
				5D0BD0391670AAA30088A383 /* Products */,
				E241FCEAA9F14664A45919BA /* Pods.xcconfig */,
			);
			sourceTree = "<group>";
		};
		5D0BD0391670AAA30088A383 /* Products */ = {
			isa = PBXGroup;
			children = (
				5D0BD0381670AAA30088A383 /* crushes.app */,
			);
			name = Products;
			sourceTree = "<group>";
		};
		5D0BD03B1670AAA30088A383 /* Frameworks */ = {
			isa = PBXGroup;
			children = (
				5D0BD03C1670AAA30088A383 /* UIKit.framework */,
				5D0BD03E1670AAA30088A383 /* Foundation.framework */,
				5D0BD0401670AAA30088A383 /* CoreGraphics.framework */,
				6C6818BD3B3146F19D555AC7 /* libPods.a */,
			);
			name = Frameworks;
			sourceTree = "<group>";
		};
		5D0BD0421670AAA30088A383 /* crushes */ = {
			isa = PBXGroup;
			children = (
				5DC4F3431800B99600B2117D /* J1Button.h */,
				5DC4F3441800B99600B2117D /* J1Button.m */,
				5DE2533617B132070069EC96 /* LettersScrollController.h */,
				5DE2533717B132070069EC96 /* LettersScrollController.m */,
				5DE2533517B132070069EC96 /* LettersScrollController.xib */,
				5D977D0117E61B99002DA837 /* AddCommentViewController.h */,
				5D977D0217E61B99002DA837 /* AddCommentViewController.m */,
				5D977D0317E61B99002DA837 /* AddCommentViewController.xib */,
				5DE2533117B130790069EC96 /* LetterCommentsViewController.m */,
				5DE2533017B130790069EC96 /* LetterCommentsViewController.h */,
				5DE2533217B130790069EC96 /* LetterCommentsViewController.xib */,
				5D7609D317A058890018F27B /* ScrollViewItem.h */,
				5D7609D417A058890018F27B /* ScrollViewItem.m */,
				5D7609D517A0588A0018F27B /* ScrollViewItem.xib */,
				5D770C6B180872640061D243 /* SignupViewController.h */,
				5D770C6C180872640061D243 /* SignupViewController.m */,
				5D770C6D180872640061D243 /* SignupViewController.xib */,
				5DE2534217B438D00069EC96 /* CommentScrollViewItem.h */,
				5DE2534317B438D00069EC96 /* CommentScrollViewItem.m */,
				5DE2534417B438D10069EC96 /* CommentScrollViewItem.xib */,
				5D0BD06A16710B920088A383 /* SendViewController.h */,
				5D0BD06B16710B920088A383 /* SendViewController.m */,
				5D0BD06D16710BB70088A383 /* SendViewController.xib */,
				5D7609B3179DCE100018F27B /* RODItemStore.h */,
				5D7609B4179DCE100018F27B /* RODItemStore.m */,
				5D528C9F17C2B6AC00AAB762 /* RODSettings.h */,
				5D528CA017C2B6AD00AAB762 /* RODSettings.m */,
				5D528CAA17C3FEBC00AAB762 /* RODSentLetter.h */,
				5D528CAB17C3FEBD00AAB762 /* RODSentLetter.m */,
				5D7609B0179DBDF00018F27B /* RODItem.h */,
				5D7609B1179DBDF00018F27B /* RODItem.m */,
				5DA117F717DA61F100BDE5D0 /* ChatNameViewController.h */,
				5DA117F817DA61F100BDE5D0 /* ChatNameViewController.m */,
				5DA117F917DA61F200BDE5D0 /* ChatNameViewController.xib */,
				5DA117FC17DA783400BDE5D0 /* ChatViewController.h */,
				5DA117FD17DA783400BDE5D0 /* ChatViewController.m */,
				5DA117FE17DA783400BDE5D0 /* ChatViewController.xib */,
				5D528CA517C3F69100AAB762 /* SearchViewController.h */,
				5D528CA617C3F69200AAB762 /* SearchViewController.m */,
				5D528CA717C3F69200AAB762 /* SearchViewController.xib */,
				5DCD9D9117FCC73A0048504A /* NavigationController.h */,
				5DCD9D9217FCC73A0048504A /* NavigationController.m */,
				5D7609AB179CDD660018F27B /* MenuViewController.h */,
				5D7609AC179CDD660018F27B /* MenuViewController.m */,
				5D528C9A17C12FEF00AAB762 /* PagerViewController.h */,
				5D528C9B17C12FEF00AAB762 /* PagerViewController.m */,
				5D528C9C17C12FEF00AAB762 /* PagerViewController.xib */,
				5D7609C5179F0C580018F27B /* LoginView.xib */,
				5D7F30391780DCE8009F0AC6 /* RKLetter.h */,
				5D7F303A1780DCE8009F0AC6 /* RKLetter.m */,
				5D7F303C17810B3A009F0AC6 /* RKMessage.h */,
				5D7F303D17810B3B009F0AC6 /* RKMessage.m */,
				5D458D7F178B954000B71314 /* RKFullLetter.m */,
				5D458D7E178B954000B71314 /* RKFullLetter.h */,
				5DA1180117DAD02300BDE5D0 /* RKChat.h */,
				5DA1180217DAD02300BDE5D0 /* RKChat.m */,
				5D977D0617E66146002DA837 /* RKPostComment.h */,
				5D977D0717E66147002DA837 /* RKPostComment.m */,
				5DE2534017B301050069EC96 /* RKComment.m */,
				5DE2533F17B301050069EC96 /* RKComment.h */,
				5D458D8D178C7DC600B71314 /* RKEditLetter.h */,
				5D458D8E178C7DC600B71314 /* RKEditLetter.m */,
				5D458D90178C86F800B71314 /* RKEditMessage.h */,
				5D458D91178C86F800B71314 /* RKEditMessage.m */,
				5DE2534A17BD92D60069EC96 /* RKLogin.h */,
				5DE2534B17BD92D70069EC96 /* RKLogin.m */,
				5D0BD04B1670AAA30088A383 /* AppDelegate.h */,
				5D0BD04C1670AAA30088A383 /* AppDelegate.m */,
				5D770C701808FE3F0061D243 /* Images.xcassets */,
				5D0BD0431670AAA30088A383 /* Supporting Files */,
			);
			path = crushes;
			sourceTree = "<group>";
		};
		5D0BD0431670AAA30088A383 /* Supporting Files */ = {
			isa = PBXGroup;
			children = (
				5D977D1917E77C9B002DA837 /* back.png */,
				5D977D1317E6814B002DA837 /* comment_add.png */,
				5DC4F32317FD28D100B2117D /* back-150px.png */,
				5DC4F32517FD2AA400B2117D /* add-comment.png */,
				5DC4F32617FD2AA400B2117D /* back-2-150px.png */,
				5DC4F32717FD2AA400B2117D /* comment-1.png */,
				5DC4F32817FD2AA400B2117D /* comment-2.png */,
				5DC4F32117FD214500B2117D /* hamburger-150px.png */,
				5D977D1517E77A72002DA837 /* add_2.png */,
				5D977D1717E77B5C002DA837 /* add_3.png */,
				5D977D1117E68125002DA837 /* add.png */,
				5DC4F3461801110700B2117D /* cog-black.png */,
				5DC4F3471801110700B2117D /* cog-blue.png */,
				5DC4F3481801110700B2117D /* cog-green.png */,
				5DC4F3491801110700B2117D /* cog-purple.png */,
				5DC4F34A1801110700B2117D /* cog-red.png */,
				5D528CB017C6C43600AAB762 /* J1ButtonImages */,
				5D528D3917C6CA3B00AAB762 /* heart-15px.png */,
				5DE2534717B6D16F0069EC96 /* WCAlertView.h */,
				5DE2534817B6D16F0069EC96 /* WCAlertView.m */,
				5D528C9817C1207100AAB762 /* border.png */,
				5D458D7C178B731500B71314 /* search.png */,
				5D458D7A17875C1000B71314 /* refresh.png */,
				5D7F30411782019E009F0AC6 /* medical.png */,
				5D7F303F17820161009F0AC6 /* envelope.png */,
				5D0BD076167117350088A383 /* pencil.png */,
				5D0BD0731671117C0088A383 /* bookmark.png */,
				5D0BD068167109FD0088A383 /* heart.png */,
				5D0BD066167109990088A383 /* home.png */,
				5DE2531B17ACC2150069EC96 /* comment.png */,
				5D0BD0591670AADB0088A383 /* crushes.entitlements */,
				5D0BD0441670AAA30088A383 /* crushes-Info.plist */,
				5D0BD0451670AAA30088A383 /* InfoPlist.strings */,
				5D36B9BE17E538C500955B1F /* cog.png */,
				5D36B9C017E54ED000955B1F /* cog_2.png */,
				5D0BD0481670AAA30088A383 /* main.m */,
				5D0BD04A1670AAA30088A383 /* crushes-Prefix.pch */,
				5D0D7CF31804DC4200D661F3 /* Default.png */,
				5D0D7CF41804DC4200D661F3 /* Default~iphone.png */,
				5D0D7CF71804DD6400D661F3 /* Default-568h@2x.png */,
				5D0D7CF91804E07E00D661F3 /* Default~ipad.png */,
				5D7ABC831804EB57007D253D /* Default-Portrait@2x~ipad.png */,
				5D7ABC851804EB6E007D253D /* Default-Landscape~ipad.png */,
				5D7ABC871804EB82007D253D /* Default-Landscape@2x~ipad.png */,
				5D6F64C81804F21A00C26BF7 /* b-v02-768x1024.png */,
				5D6F64C91804F21A00C26BF7 /* b-v02-1024x768.png */,
				5D6F64CA1804F21A00C26BF7 /* b-v02-1536x2048.png */,
				5D6F64CB1804F21A00C26BF7 /* b-v02-2048x1536.png */,
				5D7F304B1784C3E9009F0AC6 /* ios-app-icon-57x57.png */,
				5D7F30491784C3E5009F0AC6 /* ios-app-icon-114x114.png */,
				5D7F30551784CA3D009F0AC6 /* ios-app-icon-144x144.png */,
				5D7F30531784CA28009F0AC6 /* ios-app-icon-72x72.png */,
			);
			name = "Supporting Files";
			sourceTree = "<group>";
		};
		5D528CB017C6C43600AAB762 /* J1ButtonImages */ = {
			isa = PBXGroup;
			children = (
				5D528CB117C6C57C00AAB762 /* J1-blue-highlighted.png */,
				5D528CB217C6C57C00AAB762 /* J1-blue-highlighted@2x.png */,
				5D528CB317C6C57C00AAB762 /* J1-blue-normal.png */,
				5D528CB417C6C57C00AAB762 /* J1-blue-normal@2x.png */,
				5D528CB517C6C57C00AAB762 /* J1-blue-selected.png */,
				5D528CB617C6C57C00AAB762 /* J1-blue-selected@2x.png */,
				5D528CB717C6C57C00AAB762 /* J1-blue-small-highlighted.png */,
				5D528CB817C6C57C00AAB762 /* J1-blue-small-highlighted@2x.png */,
				5D528CB917C6C57C00AAB762 /* J1-blue-small-normal.png */,
				5D528CBA17C6C57C00AAB762 /* J1-blue-small-normal@2x.png */,
				5D528CBB17C6C57C00AAB762 /* J1-blue-small-selected.png */,
				5D528CBC17C6C57C00AAB762 /* J1-blue-small-selected@2x.png */,
				5D528CBD17C6C57C00AAB762 /* J1-gray-disabled.png */,
				5D528CBE17C6C57C00AAB762 /* J1-gray-disabled@2x.png */,
				5D528CBF17C6C57C00AAB762 /* J1-gray-highlighted.png */,
				5D528CC017C6C57C00AAB762 /* J1-gray-highlighted@2x.png */,
				5D528CC117C6C57C00AAB762 /* J1-gray-normal.png */,
				5D528CC217C6C57C00AAB762 /* J1-gray-normal@2x.png */,
				5D528CC317C6C57C00AAB762 /* J1-gray-selected.png */,
				5D528CC417C6C57C00AAB762 /* J1-gray-selected@2x.png */,
				5D528CC517C6C57C00AAB762 /* J1-gray-small-disabled.png */,
				5D528CC617C6C57C00AAB762 /* J1-gray-small-disabled@2x.png */,
				5D528CC717C6C57C00AAB762 /* J1-gray-small-highlighted.png */,
				5D528CC817C6C57C00AAB762 /* J1-gray-small-highlighted@2x.png */,
				5D528CC917C6C57C00AAB762 /* J1-gray-small-normal.png */,
				5D528CCA17C6C57C00AAB762 /* J1-gray-small-normal@2x.png */,
				5D528CCB17C6C57C00AAB762 /* J1-gray-small-selected.png */,
				5D528CCC17C6C57C00AAB762 /* J1-gray-small-selected@2x.png */,
				5D528CCD17C6C57C00AAB762 /* J1-grayOnBlack-disabled.png */,
				5D528CCE17C6C57C00AAB762 /* J1-grayOnBlack-disabled@2x.png */,
				5D528CCF17C6C57C00AAB762 /* J1-grayOnBlack-highlighted.png */,
				5D528CD017C6C57C00AAB762 /* J1-grayOnBlack-highlighted@2x.png */,
				5D528CD117C6C57C00AAB762 /* J1-grayOnBlack-normal.png */,
				5D528CD217C6C57C00AAB762 /* J1-grayOnBlack-normal@2x.png */,
				5D528CD317C6C57C00AAB762 /* J1-grayOnBlack-selected.png */,
				5D528CD417C6C57C00AAB762 /* J1-grayOnBlack-selected@2x.png */,
				5D528CD517C6C57C00AAB762 /* J1-grayOnBlack-small-disabled.png */,
				5D528CD617C6C57C00AAB762 /* J1-grayOnBlack-small-disabled@2x.png */,
				5D528CD717C6C57C00AAB762 /* J1-grayOnBlack-small-highlighted.png */,
				5D528CD817C6C57C00AAB762 /* J1-grayOnBlack-small-highlighted@2x.png */,
				5D528CD917C6C57C00AAB762 /* J1-grayOnBlack-small-normal.png */,
				5D528CDA17C6C57C00AAB762 /* J1-grayOnBlack-small-normal@2x.png */,
				5D528CDB17C6C57C00AAB762 /* J1-grayOnBlack-small-selected.png */,
				5D528CDC17C6C57C00AAB762 /* J1-grayOnBlack-small-selected@2x.png */,
				5D528CDD17C6C57C00AAB762 /* J1-green-highlighted.png */,
				5D528CDE17C6C57C00AAB762 /* J1-green-highlighted@2x.png */,
				5D528CDF17C6C57C00AAB762 /* J1-green-normal.png */,
				5D528CE017C6C57C00AAB762 /* J1-green-normal@2x.png */,
				5D528CE117C6C57C00AAB762 /* J1-green-selected.png */,
				5D528CE217C6C57C00AAB762 /* J1-green-selected@2x.png */,
				5D528CE317C6C57C00AAB762 /* J1-green-small-highlighted.png */,
				5D528CE417C6C57C00AAB762 /* J1-green-small-highlighted@2x.png */,
				5D528CE517C6C57C00AAB762 /* J1-green-small-normal.png */,
				5D528CE617C6C57C00AAB762 /* J1-green-small-normal@2x.png */,
				5D528CE717C6C57C00AAB762 /* J1-green-small-selected.png */,
				5D528CE817C6C57C00AAB762 /* J1-green-small-selected@2x.png */,
				5D528CE917C6C57C00AAB762 /* J1-red-highlighted.png */,
				5D528CEA17C6C57C00AAB762 /* J1-red-highlighted@2x.png */,
				5D528CEB17C6C57C00AAB762 /* J1-red-normal.png */,
				5D528CEC17C6C57C00AAB762 /* J1-red-normal@2x.png */,
				5D528CED17C6C57C00AAB762 /* J1-red-selected.png */,
				5D528CEE17C6C57C00AAB762 /* J1-red-selected@2x.png */,
				5D528CEF17C6C57C00AAB762 /* J1-red-small-highlighted.png */,
				5D528CF017C6C57C00AAB762 /* J1-red-small-highlighted@2x.png */,
				5D528CF117C6C57C00AAB762 /* J1-red-small-normal.png */,
				5D528CF217C6C57C00AAB762 /* J1-red-small-normal@2x.png */,
				5D528CF317C6C57C00AAB762 /* J1-red-small-selected.png */,
				5D528CF417C6C57C00AAB762 /* J1-red-small-selected@2x.png */,
			);
			name = J1ButtonImages;
			sourceTree = "<group>";
		};
/* End PBXGroup section */

/* Begin PBXNativeTarget section */
		5D0BD0371670AAA30088A383 /* crushes */ = {
			isa = PBXNativeTarget;
			buildConfigurationList = 5D0BD0561670AAA30088A383 /* Build configuration list for PBXNativeTarget "crushes" */;
			buildPhases = (
				35E162E57B5949329163ACA5 /* Check Pods Manifest.lock */,
				5D0BD0341670AAA30088A383 /* Sources */,
				5D0BD0351670AAA30088A383 /* Frameworks */,
				5D0BD0361670AAA30088A383 /* Resources */,
				6B0B731996EA4863BE3D0D79 /* Copy Pods Resources */,
			);
			buildRules = (
			);
			dependencies = (
			);
			name = crushes;
			productName = crushes;
			productReference = 5D0BD0381670AAA30088A383 /* crushes.app */;
			productType = "com.apple.product-type.application";
		};
/* End PBXNativeTarget section */

/* Begin PBXProject section */
		5D0BD02F1670AAA30088A383 /* Project object */ = {
			isa = PBXProject;
			attributes = {
				LastUpgradeCheck = 0450;
				ORGANIZATIONNAME = "Seth Hayward";
			};
			buildConfigurationList = 5D0BD0321670AAA30088A383 /* Build configuration list for PBXProject "crushes" */;
			compatibilityVersion = "Xcode 3.2";
			developmentRegion = English;
			hasScannedForEncodings = 0;
			knownRegions = (
				en,
			);
			mainGroup = 5D0BD02D1670AAA30088A383;
			productRefGroup = 5D0BD0391670AAA30088A383 /* Products */;
			projectDirPath = "";
			projectRoot = "";
			targets = (
				5D0BD0371670AAA30088A383 /* crushes */,
			);
		};
/* End PBXProject section */

/* Begin PBXResourcesBuildPhase section */
		5D0BD0361670AAA30088A383 /* Resources */ = {
			isa = PBXResourcesBuildPhase;
			buildActionMask = 2147483647;
			files = (
				5D0BD0471670AAA30088A383 /* InfoPlist.strings in Resources */,
				5D0BD067167109990088A383 /* home.png in Resources */,
				5D0BD069167109FD0088A383 /* heart.png in Resources */,
				5D0BD06E16710BB70088A383 /* SendViewController.xib in Resources */,
				5D0BD0741671117C0088A383 /* bookmark.png in Resources */,
				5D0BD077167117350088A383 /* pencil.png in Resources */,
				5D7F304017820161009F0AC6 /* envelope.png in Resources */,
				5D7F30421782019E009F0AC6 /* medical.png in Resources */,
				5D7F304A1784C3E5009F0AC6 /* ios-app-icon-114x114.png in Resources */,
				5D770C711808FE3F0061D243 /* Images.xcassets in Resources */,
				5DC4F34C1801110700B2117D /* cog-blue.png in Resources */,
				5D7F304C1784C3E9009F0AC6 /* ios-app-icon-57x57.png in Resources */,
				5D7ABC841804EB57007D253D /* Default-Portrait@2x~ipad.png in Resources */,
				5D6F64CC1804F21A00C26BF7 /* b-v02-768x1024.png in Resources */,
				5D7F30541784CA28009F0AC6 /* ios-app-icon-72x72.png in Resources */,
				5D7F30561784CA3D009F0AC6 /* ios-app-icon-144x144.png in Resources */,
				5D458D7B17875C1000B71314 /* refresh.png in Resources */,
				5D458D7D178B731500B71314 /* search.png in Resources */,
				5DC4F34D1801110700B2117D /* cog-green.png in Resources */,
				5D7609C6179F0C580018F27B /* LoginView.xib in Resources */,
				5D7609D717A0588B0018F27B /* ScrollViewItem.xib in Resources */,
				5DC4F34B1801110700B2117D /* cog-black.png in Resources */,
				5DE2531C17ACC2150069EC96 /* comment.png in Resources */,
				5DE2533417B130790069EC96 /* LetterCommentsViewController.xib in Resources */,
				5DE2533817B132070069EC96 /* LettersScrollController.xib in Resources */,
				5DE2534617B438D10069EC96 /* CommentScrollViewItem.xib in Resources */,
				5D528C9917C1207100AAB762 /* border.png in Resources */,
				5D528C9E17C12FEF00AAB762 /* PagerViewController.xib in Resources */,
				5D6F64CD1804F21A00C26BF7 /* b-v02-1024x768.png in Resources */,
				5D528CA917C3F69300AAB762 /* SearchViewController.xib in Resources */,
				5DC4F32A17FD2AA400B2117D /* back-2-150px.png in Resources */,
				5D528CF517C6C57C00AAB762 /* J1-blue-highlighted.png in Resources */,
				5D528CF617C6C57C00AAB762 /* J1-blue-highlighted@2x.png in Resources */,
				5D528CF717C6C57C00AAB762 /* J1-blue-normal.png in Resources */,
				5D0D7CFA1804E07E00D661F3 /* Default~ipad.png in Resources */,
				5D528CF817C6C57C00AAB762 /* J1-blue-normal@2x.png in Resources */,
				5D528CF917C6C57C00AAB762 /* J1-blue-selected.png in Resources */,
				5D528CFA17C6C57C00AAB762 /* J1-blue-selected@2x.png in Resources */,
				5D528CFB17C6C57C00AAB762 /* J1-blue-small-highlighted.png in Resources */,
				5D0D7CF51804DC4200D661F3 /* Default.png in Resources */,
				5D528CFC17C6C57C00AAB762 /* J1-blue-small-highlighted@2x.png in Resources */,
				5D528CFD17C6C57C00AAB762 /* J1-blue-small-normal.png in Resources */,
				5D528CFE17C6C57C00AAB762 /* J1-blue-small-normal@2x.png in Resources */,
				5DC4F32B17FD2AA400B2117D /* comment-1.png in Resources */,
				5DC4F32C17FD2AA400B2117D /* comment-2.png in Resources */,
				5D528CFF17C6C57C00AAB762 /* J1-blue-small-selected.png in Resources */,
				5D528D0017C6C57C00AAB762 /* J1-blue-small-selected@2x.png in Resources */,
				5D770C6F180872640061D243 /* SignupViewController.xib in Resources */,
				5D528D0117C6C57C00AAB762 /* J1-gray-disabled.png in Resources */,
				5D528D0217C6C57C00AAB762 /* J1-gray-disabled@2x.png in Resources */,
				5D0D7CF81804DD6400D661F3 /* Default-568h@2x.png in Resources */,
				5D528D0317C6C57C00AAB762 /* J1-gray-highlighted.png in Resources */,
				5D528D0417C6C57C00AAB762 /* J1-gray-highlighted@2x.png in Resources */,
				5D528D0517C6C57C00AAB762 /* J1-gray-normal.png in Resources */,
				5D528D0617C6C57C00AAB762 /* J1-gray-normal@2x.png in Resources */,
				5D6F64CE1804F21A00C26BF7 /* b-v02-1536x2048.png in Resources */,
				5D528D0717C6C57C00AAB762 /* J1-gray-selected.png in Resources */,
				5D528D0817C6C57C00AAB762 /* J1-gray-selected@2x.png in Resources */,
				5D528D0917C6C57C00AAB762 /* J1-gray-small-disabled.png in Resources */,
				5D528D0A17C6C57C00AAB762 /* J1-gray-small-disabled@2x.png in Resources */,
				5D528D0B17C6C57C00AAB762 /* J1-gray-small-highlighted.png in Resources */,
				5D6F64CF1804F21A00C26BF7 /* b-v02-2048x1536.png in Resources */,
				5D0D7CF61804DC4200D661F3 /* Default~iphone.png in Resources */,
				5D528D0C17C6C57C00AAB762 /* J1-gray-small-highlighted@2x.png in Resources */,
				5D528D0D17C6C57C00AAB762 /* J1-gray-small-normal.png in Resources */,
				5D528D0E17C6C57C00AAB762 /* J1-gray-small-normal@2x.png in Resources */,
				5D528D0F17C6C57C00AAB762 /* J1-gray-small-selected.png in Resources */,
				5D528D1017C6C57C00AAB762 /* J1-gray-small-selected@2x.png in Resources */,
				5D528D1117C6C57C00AAB762 /* J1-grayOnBlack-disabled.png in Resources */,
				5D528D1217C6C57C00AAB762 /* J1-grayOnBlack-disabled@2x.png in Resources */,
				5D528D1317C6C57C00AAB762 /* J1-grayOnBlack-highlighted.png in Resources */,
				5D528D1417C6C57C00AAB762 /* J1-grayOnBlack-highlighted@2x.png in Resources */,
				5D528D1517C6C57C00AAB762 /* J1-grayOnBlack-normal.png in Resources */,
				5D528D1617C6C57C00AAB762 /* J1-grayOnBlack-normal@2x.png in Resources */,
				5D528D1717C6C57C00AAB762 /* J1-grayOnBlack-selected.png in Resources */,
				5D528D1817C6C57C00AAB762 /* J1-grayOnBlack-selected@2x.png in Resources */,
				5D528D1917C6C57C00AAB762 /* J1-grayOnBlack-small-disabled.png in Resources */,
				5D528D1A17C6C57C00AAB762 /* J1-grayOnBlack-small-disabled@2x.png in Resources */,
				5D528D1B17C6C57C00AAB762 /* J1-grayOnBlack-small-highlighted.png in Resources */,
				5D528D1C17C6C57C00AAB762 /* J1-grayOnBlack-small-highlighted@2x.png in Resources */,
				5D528D1D17C6C57C00AAB762 /* J1-grayOnBlack-small-normal.png in Resources */,
				5D528D1E17C6C57C00AAB762 /* J1-grayOnBlack-small-normal@2x.png in Resources */,
				5D528D1F17C6C57C00AAB762 /* J1-grayOnBlack-small-selected.png in Resources */,
				5D528D2017C6C57C00AAB762 /* J1-grayOnBlack-small-selected@2x.png in Resources */,
				5DC4F32417FD28D100B2117D /* back-150px.png in Resources */,
				5D528D2117C6C57C00AAB762 /* J1-green-highlighted.png in Resources */,
				5D528D2217C6C57C00AAB762 /* J1-green-highlighted@2x.png in Resources */,
				5D528D2317C6C57C00AAB762 /* J1-green-normal.png in Resources */,
				5DC4F34E1801110700B2117D /* cog-purple.png in Resources */,
				5D528D2417C6C57C00AAB762 /* J1-green-normal@2x.png in Resources */,
				5D7ABC881804EB82007D253D /* Default-Landscape@2x~ipad.png in Resources */,
				5D528D2517C6C57C00AAB762 /* J1-green-selected.png in Resources */,
				5D528D2617C6C57C00AAB762 /* J1-green-selected@2x.png in Resources */,
				5D528D2717C6C57C00AAB762 /* J1-green-small-highlighted.png in Resources */,
				5D528D2817C6C57C00AAB762 /* J1-green-small-highlighted@2x.png in Resources */,
				5D528D2917C6C57C00AAB762 /* J1-green-small-normal.png in Resources */,
				5D528D2A17C6C57C00AAB762 /* J1-green-small-normal@2x.png in Resources */,
				5D528D2B17C6C57C00AAB762 /* J1-green-small-selected.png in Resources */,
				5D528D2C17C6C57C00AAB762 /* J1-green-small-selected@2x.png in Resources */,
				5D528D2D17C6C57C00AAB762 /* J1-red-highlighted.png in Resources */,
				5D528D2E17C6C57C00AAB762 /* J1-red-highlighted@2x.png in Resources */,
				5D528D2F17C6C57C00AAB762 /* J1-red-normal.png in Resources */,
				5D528D3017C6C57C00AAB762 /* J1-red-normal@2x.png in Resources */,
				5DC4F32917FD2AA400B2117D /* add-comment.png in Resources */,
				5D528D3117C6C57C00AAB762 /* J1-red-selected.png in Resources */,
				5D7ABC861804EB6E007D253D /* Default-Landscape~ipad.png in Resources */,
				5D528D3217C6C57C00AAB762 /* J1-red-selected@2x.png in Resources */,
				5D528D3317C6C57C00AAB762 /* J1-red-small-highlighted.png in Resources */,
				5D528D3417C6C57C00AAB762 /* J1-red-small-highlighted@2x.png in Resources */,
				5DC4F34F1801110700B2117D /* cog-red.png in Resources */,
				5D528D3517C6C57C00AAB762 /* J1-red-small-normal.png in Resources */,
				5D528D3617C6C57C00AAB762 /* J1-red-small-normal@2x.png in Resources */,
				5D528D3717C6C57C00AAB762 /* J1-red-small-selected.png in Resources */,
				5D528D3817C6C57C00AAB762 /* J1-red-small-selected@2x.png in Resources */,
				5DC4F32217FD214500B2117D /* hamburger-150px.png in Resources */,
				5D528D3A17C6CA3B00AAB762 /* heart-15px.png in Resources */,
				5DA117FB17DA61F200BDE5D0 /* ChatNameViewController.xib in Resources */,
				5DA1180017DA783400BDE5D0 /* ChatViewController.xib in Resources */,
				5D36B9BF17E538C500955B1F /* cog.png in Resources */,
				5D36B9C117E54ED000955B1F /* cog_2.png in Resources */,
				5D977D0517E61B99002DA837 /* AddCommentViewController.xib in Resources */,
				5D977D1217E68125002DA837 /* add.png in Resources */,
				5D977D1417E6814B002DA837 /* comment_add.png in Resources */,
				5D977D1617E77A72002DA837 /* add_2.png in Resources */,
				5D977D1817E77B5C002DA837 /* add_3.png in Resources */,
				5D977D1A17E77C9B002DA837 /* back.png in Resources */,
			);
			runOnlyForDeploymentPostprocessing = 0;
		};
/* End PBXResourcesBuildPhase section */

/* Begin PBXShellScriptBuildPhase section */
		35E162E57B5949329163ACA5 /* Check Pods Manifest.lock */ = {
			isa = PBXShellScriptBuildPhase;
			buildActionMask = 2147483647;
			files = (
			);
			inputPaths = (
			);
			name = "Check Pods Manifest.lock";
			outputPaths = (
			);
			runOnlyForDeploymentPostprocessing = 0;
			shellPath = /bin/sh;
			shellScript = "diff \"${PODS_ROOT}/../Podfile.lock\" \"${PODS_ROOT}/Manifest.lock\" > /dev/null\nif [[ $? != 0 ]] ; then\n    cat << EOM\nerror: The sandbox is not in sync with the Podfile.lock. Run 'pod install' or update your CocoaPods installation.\nEOM\n    exit 1\nfi\n";
		};
		6B0B731996EA4863BE3D0D79 /* Copy Pods Resources */ = {
			isa = PBXShellScriptBuildPhase;
			buildActionMask = 2147483647;
			files = (
			);
			inputPaths = (
			);
			name = "Copy Pods Resources";
			outputPaths = (
			);
			runOnlyForDeploymentPostprocessing = 0;
			shellPath = /bin/sh;
			shellScript = "\"${SRCROOT}/Pods/Pods-resources.sh\"\n";
		};
/* End PBXShellScriptBuildPhase section */

/* Begin PBXSourcesBuildPhase section */
		5D0BD0341670AAA30088A383 /* Sources */ = {
			isa = PBXSourcesBuildPhase;
			buildActionMask = 2147483647;
			files = (
				5D0BD0491670AAA30088A383 /* main.m in Sources */,
				5D0BD04D1670AAA30088A383 /* AppDelegate.m in Sources */,
				5D0BD06C16710B920088A383 /* SendViewController.m in Sources */,
				5D7F303B1780DCE8009F0AC6 /* RKLetter.m in Sources */,
				5D7F303E17810B3B009F0AC6 /* RKMessage.m in Sources */,
				5D458D80178B954000B71314 /* RKFullLetter.m in Sources */,
				5D458D8F178C7DC600B71314 /* RKEditLetter.m in Sources */,
				5D458D92178C86F800B71314 /* RKEditMessage.m in Sources */,
				5DCD9D9317FCC73A0048504A /* NavigationController.m in Sources */,
				5D7609AE179CDD660018F27B /* MenuViewController.m in Sources */,
				5D7609B2179DBDF00018F27B /* RODItem.m in Sources */,
				5DC4F3451800B99600B2117D /* J1Button.m in Sources */,
				5D7609B5179DCE100018F27B /* RODItemStore.m in Sources */,
				5D7609D617A0588B0018F27B /* ScrollViewItem.m in Sources */,
				5DE2533317B130790069EC96 /* LetterCommentsViewController.m in Sources */,
				5DE2533917B132070069EC96 /* LettersScrollController.m in Sources */,
				5DE2534117B301050069EC96 /* RKComment.m in Sources */,
				5DE2534517B438D10069EC96 /* CommentScrollViewItem.m in Sources */,
				5DE2534917B6D16F0069EC96 /* WCAlertView.m in Sources */,
				5DE2534C17BD92D80069EC96 /* RKLogin.m in Sources */,
				5D528C9D17C12FEF00AAB762 /* PagerViewController.m in Sources */,
				5D528CA117C2B6AD00AAB762 /* RODSettings.m in Sources */,
				5D528CA817C3F69300AAB762 /* SearchViewController.m in Sources */,
				5D528CAC17C3FEBE00AAB762 /* RODSentLetter.m in Sources */,
				5D770C6E180872640061D243 /* SignupViewController.m in Sources */,
				5DA117FA17DA61F200BDE5D0 /* ChatNameViewController.m in Sources */,
				5DA117FF17DA783400BDE5D0 /* ChatViewController.m in Sources */,
				5DA1180317DAD02300BDE5D0 /* RKChat.m in Sources */,
				5D977D0417E61B99002DA837 /* AddCommentViewController.m in Sources */,
				5D977D0817E66147002DA837 /* RKPostComment.m in Sources */,
			);
			runOnlyForDeploymentPostprocessing = 0;
		};
/* End PBXSourcesBuildPhase section */

/* Begin PBXVariantGroup section */
		5D0BD0451670AAA30088A383 /* InfoPlist.strings */ = {
			isa = PBXVariantGroup;
			children = (
				5D0BD0461670AAA30088A383 /* en */,
			);
			name = InfoPlist.strings;
			sourceTree = "<group>";
		};
/* End PBXVariantGroup section */

/* Begin XCBuildConfiguration section */
		5D0BD0541670AAA30088A383 /* Debug */ = {
			isa = XCBuildConfiguration;
			buildSettings = {
				ALWAYS_SEARCH_USER_PATHS = NO;
				CLANG_CXX_LANGUAGE_STANDARD = "gnu++0x";
				CLANG_CXX_LIBRARY = "libc++";
				CLANG_ENABLE_OBJC_ARC = YES;
				CLANG_WARN_EMPTY_BODY = YES;
				CLANG_WARN__DUPLICATE_METHOD_MATCH = YES;
				"CODE_SIGN_IDENTITY[sdk=iphoneos*]" = "iPhone Developer";
				COPY_PHASE_STRIP = NO;
				GCC_C_LANGUAGE_STANDARD = gnu99;
				GCC_DYNAMIC_NO_PIC = NO;
				GCC_OPTIMIZATION_LEVEL = 0;
				GCC_PREPROCESSOR_DEFINITIONS = (
					"DEBUG=1",
					"$(inherited)",
				);
				GCC_SYMBOLS_PRIVATE_EXTERN = NO;
				GCC_WARN_ABOUT_RETURN_TYPE = YES;
				GCC_WARN_UNINITIALIZED_AUTOS = YES;
				GCC_WARN_UNUSED_VARIABLE = YES;
				IPHONEOS_DEPLOYMENT_TARGET = 6.0;
				ONLY_ACTIVE_ARCH = YES;
				SDKROOT = iphoneos;
			};
			name = Debug;
		};
		5D0BD0551670AAA30088A383 /* Release */ = {
			isa = XCBuildConfiguration;
			buildSettings = {
				ALWAYS_SEARCH_USER_PATHS = NO;
				CLANG_CXX_LANGUAGE_STANDARD = "gnu++0x";
				CLANG_CXX_LIBRARY = "libc++";
				CLANG_ENABLE_OBJC_ARC = YES;
				CLANG_WARN_EMPTY_BODY = YES;
				CLANG_WARN__DUPLICATE_METHOD_MATCH = YES;
				"CODE_SIGN_IDENTITY[sdk=iphoneos*]" = "iPhone Developer";
				COPY_PHASE_STRIP = YES;
				GCC_C_LANGUAGE_STANDARD = gnu99;
				GCC_WARN_ABOUT_RETURN_TYPE = YES;
				GCC_WARN_UNINITIALIZED_AUTOS = YES;
				GCC_WARN_UNUSED_VARIABLE = YES;
				IPHONEOS_DEPLOYMENT_TARGET = 6.0;
				OTHER_CFLAGS = "-DNS_BLOCK_ASSERTIONS=1";
				SDKROOT = iphoneos;
				VALIDATE_PRODUCT = YES;
			};
			name = Release;
		};
		5D0BD0571670AAA30088A383 /* Debug */ = {
			isa = XCBuildConfiguration;
			baseConfigurationReference = E241FCEAA9F14664A45919BA /* Pods.xcconfig */;
			buildSettings = {
				ASSETCATALOG_COMPILER_APPICON_NAME = AppIcon;
				ASSETCATALOG_COMPILER_LAUNCHIMAGE_NAME = LaunchImage;
				CODE_SIGN_ENTITLEMENTS = crushes/crushes.entitlements;
				GCC_PRECOMPILE_PREFIX_HEADER = YES;
				GCC_PREFIX_HEADER = "crushes/crushes-Prefix.pch";
				INFOPLIST_FILE = "crushes/crushes-Info.plist";
				IPHONEOS_DEPLOYMENT_TARGET = 6.0;
				PRODUCT_NAME = "$(TARGET_NAME)";
				TARGETED_DEVICE_FAMILY = "1,2";
				WRAPPER_EXTENSION = app;
			};
			name = Debug;
		};
		5D0BD0581670AAA30088A383 /* Release */ = {
			isa = XCBuildConfiguration;
			baseConfigurationReference = E241FCEAA9F14664A45919BA /* Pods.xcconfig */;
			buildSettings = {
				ASSETCATALOG_COMPILER_APPICON_NAME = AppIcon;
				ASSETCATALOG_COMPILER_LAUNCHIMAGE_NAME = LaunchImage;
				CODE_SIGN_ENTITLEMENTS = crushes/crushes.entitlements;
				CODE_SIGN_IDENTITY = "iPhone Distribution: Seth Hayward";
				"CODE_SIGN_IDENTITY[sdk=iphoneos*]" = "iPhone Distribution: Seth Hayward";
				GCC_PRECOMPILE_PREFIX_HEADER = YES;
				GCC_PREFIX_HEADER = "crushes/crushes-Prefix.pch";
				INFOPLIST_FILE = "crushes/crushes-Info.plist";
				IPHONEOS_DEPLOYMENT_TARGET = 6.0;
				PRODUCT_NAME = "$(TARGET_NAME)";
				PROVISIONING_PROFILE = "703DFDCF-0196-4297-B57F-0CF04B1773B0";
				"PROVISIONING_PROFILE[sdk=iphoneos*]" = "703DFDCF-0196-4297-B57F-0CF04B1773B0";
				TARGETED_DEVICE_FAMILY = "1,2";
				WRAPPER_EXTENSION = app;
			};
			name = Release;
		};
/* End XCBuildConfiguration section */

/* Begin XCConfigurationList section */
		5D0BD0321670AAA30088A383 /* Build configuration list for PBXProject "crushes" */ = {
			isa = XCConfigurationList;
			buildConfigurations = (
				5D0BD0541670AAA30088A383 /* Debug */,
				5D0BD0551670AAA30088A383 /* Release */,
			);
			defaultConfigurationIsVisible = 0;
			defaultConfigurationName = Release;
		};
		5D0BD0561670AAA30088A383 /* Build configuration list for PBXNativeTarget "crushes" */ = {
			isa = XCConfigurationList;
			buildConfigurations = (
				5D0BD0571670AAA30088A383 /* Debug */,
				5D0BD0581670AAA30088A383 /* Release */,
			);
			defaultConfigurationIsVisible = 0;
			defaultConfigurationName = Release;
		};
/* End XCConfigurationList section */
	};
	rootObject = 5D0BD02F1670AAA30088A383 /* Project object */;
}
